{
  "version": 4,
  "terraform_version": "1.13.3",
  "serial": 52,
  "lineage": "0f539797-a120-4759-15dd-1666a669caf0",
  "outputs": {
    "Terraform_instance_ip": {
      "value": "40.177.103.12",
      "type": "string"
    },
    "public_url": {
      "value": "https://40.177.103.12:8080/index.html",
      "type": "string"
    },
    "vpc_information": {
      "value": "Your demo_environment VPC has an ID of vpc-0500d5bfafdbd4647",
      "type": "string"
    }
  },
  "resources": [
    {
      "mode": "data",
      "type": "aws_ami",
      "name": "ubuntu_20_04",
      "provider": "provider[\"registry.terraform.io/hashicorp/aws\"]",
      "instances": [
        {
          "schema_version": 0,
          "attributes": {
            "architecture": "x86_64",
            "arn": "arn:aws:ec2:ca-west-1::image/ami-01b9f61899f9bb1fa",
            "block_device_mappings": [
              {
                "device_name": "/dev/sda1",
                "ebs": {
                  "delete_on_termination": "true",
                  "encrypted": "false",
                  "iops": "0",
                  "snapshot_id": "snap-06a22769aab7bd6cf",
                  "throughput": "0",
                  "volume_size": "8",
                  "volume_type": "gp2"
                },
                "no_device": "",
                "virtual_name": ""
              },
              {
                "device_name": "/dev/sdb",
                "ebs": {},
                "no_device": "",
                "virtual_name": "ephemeral0"
              },
              {
                "device_name": "/dev/sdc",
                "ebs": {},
                "no_device": "",
                "virtual_name": "ephemeral1"
              }
            ],
            "boot_mode": "legacy-bios",
            "creation_date": "2025-06-25T05:33:03.000Z",
            "deprecation_time": "2027-06-25T05:33:03.000Z",
            "description": "Canonical, Ubuntu, 20.04, amd64 focal image",
            "ena_support": true,
            "executable_users": null,
            "filter": [
              {
                "name": "name",
                "values": [
                  "ubuntu/images/hvm-ssd/ubuntu-focal-20.04-amd64-server-*"
                ]
              }
            ],
            "hypervisor": "xen",
            "id": "ami-01b9f61899f9bb1fa",
            "image_id": "ami-01b9f61899f9bb1fa",
            "image_location": "amazon/ubuntu/images/hvm-ssd/ubuntu-focal-20.04-amd64-server-20250624",
            "image_owner_alias": "amazon",
            "image_type": "machine",
            "imds_support": "",
            "include_deprecated": false,
            "kernel_id": "",
            "most_recent": true,
            "name": "ubuntu/images/hvm-ssd/ubuntu-focal-20.04-amd64-server-20250624",
            "name_regex": null,
            "owner_id": "099720109477",
            "owners": [
              "099720109477"
            ],
            "platform": "",
            "platform_details": "Linux/UNIX",
            "product_codes": [],
            "public": true,
            "ramdisk_id": "",
            "root_device_name": "/dev/sda1",
            "root_device_type": "ebs",
            "root_snapshot_id": "snap-06a22769aab7bd6cf",
            "sriov_net_support": "simple",
            "state": "available",
            "state_reason": {
              "code": "UNSET",
              "message": "UNSET"
            },
            "tags": {},
            "timeouts": null,
            "tpm_support": "",
            "usage_operation": "RunInstances",
            "virtualization_type": "hvm"
          },
          "sensitive_attributes": [],
          "identity_schema_version": 0
        }
      ]
    },
    {
      "mode": "data",
      "type": "aws_availability_zones",
      "name": "available",
      "provider": "provider[\"registry.terraform.io/hashicorp/aws\"]",
      "instances": [
        {
          "schema_version": 0,
          "attributes": {
            "all_availability_zones": null,
            "exclude_names": null,
            "exclude_zone_ids": null,
            "filter": null,
            "group_names": [
              "ca-west-1-zg-1"
            ],
            "id": "ca-west-1",
            "names": [
              "ca-west-1a",
              "ca-west-1b",
              "ca-west-1c"
            ],
            "state": null,
            "timeouts": null,
            "zone_ids": [
              "caw1-az1",
              "caw1-az2",
              "caw1-az3"
            ]
          },
          "sensitive_attributes": [],
          "identity_schema_version": 0
        }
      ]
    },
    {
      "mode": "data",
      "type": "aws_region",
      "name": "current",
      "provider": "provider[\"registry.terraform.io/hashicorp/aws\"]",
      "instances": [
        {
          "schema_version": 0,
          "attributes": {
            "description": "Canada West (Calgary)",
            "endpoint": "ec2.ca-west-1.amazonaws.com",
            "id": "ca-west-1",
            "name": "ca-west-1"
          },
          "sensitive_attributes": [],
          "identity_schema_version": 0
        }
      ]
    },
    {
      "mode": "managed",
      "type": "aws_eip",
      "name": "nat_gateway_eip",
      "provider": "provider[\"registry.terraform.io/hashicorp/aws\"]",
      "instances": [
        {
          "schema_version": 0,
          "attributes": {
            "address": null,
            "allocation_id": "eipalloc-01d6714aef8fde25a",
            "arn": "arn:aws:ec2:ca-west-1:339712998572:elastic-ip/eipalloc-01d6714aef8fde25a",
            "associate_with_private_ip": null,
            "association_id": "eipassoc-047671c1b5f099bae",
            "carrier_ip": "",
            "customer_owned_ip": "",
            "customer_owned_ipv4_pool": "",
            "domain": "vpc",
            "id": "eipalloc-01d6714aef8fde25a",
            "instance": "",
            "network_border_group": "ca-west-1",
            "network_interface": "eni-08bc203a122ff87d0",
            "private_dns": "ip-10-0-101-125.ca-west-1.compute.internal",
            "private_ip": "10.0.101.125",
            "ptr_record": "",
            "public_dns": "ec2-40-177-175-80.ca-west-1.compute.amazonaws.com",
            "public_ip": "40.177.175.80",
            "public_ipv4_pool": "amazon",
            "tags": {
              "Name": "demo_igw_eip"
            },
            "tags_all": {
              "Environment": "development",
              "Name": "demo_igw_eip"
            },
            "timeouts": null,
            "vpc": true
          },
          "sensitive_attributes": [],
          "identity_schema_version": 0,
          "private": "eyJlMmJmYjczMC1lY2FhLTExZTYtOGY4OC0zNDM2M2JjN2M0YzAiOnsiZGVsZXRlIjoxODAwMDAwMDAwMDAsInJlYWQiOjkwMDAwMDAwMDAwMCwidXBkYXRlIjozMDAwMDAwMDAwMDB9fQ==",
          "dependencies": [
            "aws_internet_gateway.internet_gateway",
            "aws_vpc.vpc",
            "data.aws_region.current"
          ]
        }
      ]
    },
    {
      "mode": "managed",
      "type": "aws_instance",
      "name": "Terraform_instance",
      "provider": "provider[\"registry.terraform.io/hashicorp/aws\"]",
      "instances": [
        {
          "schema_version": 1,
          "attributes": {
            "ami": "ami-01b9f61899f9bb1fa",
            "arn": "arn:aws:ec2:ca-west-1:339712998572:instance/i-0671c13ad3c1859ca",
            "associate_public_ip_address": true,
            "availability_zone": "ca-west-1a",
            "capacity_reservation_specification": [
              {
                "capacity_reservation_preference": "open",
                "capacity_reservation_target": []
              }
            ],
            "cpu_core_count": 1,
            "cpu_options": [
              {
                "amd_sev_snp": "",
                "core_count": 1,
                "threads_per_core": 2
              }
            ],
            "cpu_threads_per_core": 2,
            "credit_specification": [
              {
                "cpu_credits": "unlimited"
              }
            ],
            "disable_api_stop": false,
            "disable_api_termination": false,
            "ebs_block_device": [],
            "ebs_optimized": false,
            "enclave_options": [
              {
                "enabled": false
              }
            ],
            "ephemeral_block_device": [],
            "get_password_data": false,
            "hibernation": false,
            "host_id": "",
            "host_resource_group_arn": null,
            "iam_instance_profile": "",
            "id": "i-0671c13ad3c1859ca",
            "instance_initiated_shutdown_behavior": "stop",
            "instance_lifecycle": "",
            "instance_market_options": [],
            "instance_state": "running",
            "instance_type": "t3.micro",
            "ipv6_address_count": 0,
            "ipv6_addresses": [],
            "key_name": "MyTerraformInstanceKey",
            "launch_template": [],
            "maintenance_options": [
              {
                "auto_recovery": "default"
              }
            ],
            "metadata_options": [
              {
                "http_endpoint": "enabled",
                "http_protocol_ipv6": "disabled",
                "http_put_response_hop_limit": 1,
                "http_tokens": "optional",
                "instance_metadata_tags": "disabled"
              }
            ],
            "monitoring": false,
            "network_interface": [],
            "outpost_arn": "",
            "password_data": "",
            "placement_group": "",
            "placement_partition_number": 0,
            "primary_network_interface_id": "eni-0dc46e7fc6a70fb42",
            "private_dns": "ip-10-0-101-68.ca-west-1.compute.internal",
            "private_dns_name_options": [
              {
                "enable_resource_name_dns_a_record": false,
                "enable_resource_name_dns_aaaa_record": false,
                "hostname_type": "ip-name"
              }
            ],
            "private_ip": "10.0.101.68",
            "public_dns": "",
            "public_ip": "40.177.103.12",
            "root_block_device": [
              {
                "delete_on_termination": true,
                "device_name": "/dev/sda1",
                "encrypted": false,
                "iops": 100,
                "kms_key_id": "",
                "tags": {},
                "tags_all": {
                  "Environment": "development"
                },
                "throughput": 0,
                "volume_id": "vol-043a73cf0cf2db70e",
                "volume_size": 8,
                "volume_type": "gp2"
              }
            ],
            "secondary_private_ips": [],
            "security_groups": [
              "sg-00f32efa6ce407db4",
              "sg-032bd2a39b040ca36",
              "sg-0350496e6e26b80b4",
              "sg-036e4df49b3f20a44"
            ],
            "source_dest_check": true,
            "spot_instance_request_id": "",
            "subnet_id": "subnet-0ed1a539fc05f7dfc",
            "tags": {
              "App": "corp_api",
              "Name": "ec2-dev-api-ca-west-1a",
              "Owner": "api_mgmt_dev"
            },
            "tags_all": {
              "App": "corp_api",
              "Environment": "development",
              "Name": "ec2-dev-api-ca-west-1a",
              "Owner": "api_mgmt_dev"
            },
            "tenancy": "default",
            "timeouts": null,
            "user_data": null,
            "user_data_base64": null,
            "user_data_replace_on_change": false,
            "volume_tags": null,
            "vpc_security_group_ids": [
              "sg-00f32efa6ce407db4",
              "sg-032bd2a39b040ca36",
              "sg-0350496e6e26b80b4",
              "sg-036e4df49b3f20a44"
            ]
          },
          "sensitive_attributes": [],
          "identity_schema_version": 0,
          "private": "eyJlMmJmYjczMC1lY2FhLTExZTYtOGY4OC0zNDM2M2JjN2M0YzAiOnsiY3JlYXRlIjo2MDAwMDAwMDAwMDAsImRlbGV0ZSI6MTIwMDAwMDAwMDAwMCwicmVhZCI6OTAwMDAwMDAwMDAwLCJ1cGRhdGUiOjYwMDAwMDAwMDAwMH0sInNjaGVtYV92ZXJzaW9uIjoiMSJ9",
          "dependencies": [
            "aws_key_pair.generated",
            "aws_security_group.ingress-ssh",
            "aws_security_group.my-security-group",
            "aws_security_group.vpc-ping",
            "aws_security_group.vpc-web",
            "aws_subnet.public_subnets",
            "aws_vpc.vpc",
            "data.aws_ami.ubuntu_20_04",
            "data.aws_availability_zones.available",
            "data.aws_region.current",
            "local_file.private_key_pem",
            "tls_private_key.generated"
          ]
        }
      ]
    },
    {
      "mode": "managed",
      "type": "aws_internet_gateway",
      "name": "internet_gateway",
      "provider": "provider[\"registry.terraform.io/hashicorp/aws\"]",
      "instances": [
        {
          "schema_version": 0,
          "attributes": {
            "arn": "arn:aws:ec2:ca-west-1:339712998572:internet-gateway/igw-0d5dd378b45d3b4d7",
            "id": "igw-0d5dd378b45d3b4d7",
            "owner_id": "339712998572",
            "tags": {
              "Name": "demo_igw"
            },
            "tags_all": {
              "Environment": "development",
              "Name": "demo_igw"
            },
            "timeouts": null,
            "vpc_id": "vpc-0500d5bfafdbd4647"
          },
          "sensitive_attributes": [],
          "identity_schema_version": 0,
          "private": "eyJlMmJmYjczMC1lY2FhLTExZTYtOGY4OC0zNDM2M2JjN2M0YzAiOnsiY3JlYXRlIjoxMjAwMDAwMDAwMDAwLCJkZWxldGUiOjEyMDAwMDAwMDAwMDAsInVwZGF0ZSI6MTIwMDAwMDAwMDAwMH19",
          "dependencies": [
            "aws_vpc.vpc",
            "data.aws_region.current"
          ]
        }
      ]
    },
    {
      "mode": "managed",
      "type": "aws_key_pair",
      "name": "generated",
      "provider": "provider[\"registry.terraform.io/hashicorp/aws\"]",
      "instances": [
        {
          "schema_version": 1,
          "attributes": {
            "arn": "arn:aws:ec2:ca-west-1:339712998572:key-pair/MyTerraformInstanceKey",
            "fingerprint": "04:2a:37:f0:e3:2d:1d:29:ea:0c:67:43:e3:4d:da:00",
            "id": "MyTerraformInstanceKey",
            "key_name": "MyTerraformInstanceKey",
            "key_name_prefix": "",
            "key_pair_id": "key-0857d059096192721",
            "key_type": "rsa",
            "public_key": "ssh-rsa AAAAB3NzaC1yc2EAAAADAQABAAABAQDCFNJI3ACn601smp4Mrt7TQMr99j3Od4W1fuXjd0N41c97xQD21ldOenuwExiG8/orJAnZsCvccf1E4NbQlAAtzLnx9ZSP8EPd7D3URyJyvDACWh8SswBhvQQxvVacsBbzWSV13fDuoTsVv6dp1C+L/UOugSBeUypYEqcbIsCd1B1Gfq7GiK7K4ejaAVRTAZXUJEEK2WJfo3OdQL51JfjUGfvZsP+t6f4FShPVFm3rVnjWubbT9D207c15YJ3uF9Ot2HYYeCdWvmu63H/YxtWfAcFPUNgrlMwrH6yRh47ea8m644E5uqjrp5yDpehBvQEbRpVeApTnCyqfK8l00dkb",
            "tags": {},
            "tags_all": {
              "Environment": "development"
            }
          },
          "sensitive_attributes": [],
          "identity_schema_version": 0,
          "private": "eyJzY2hlbWFfdmVyc2lvbiI6IjEifQ==",
          "dependencies": [
            "tls_private_key.generated"
          ]
        }
      ]
    },
    {
      "mode": "managed",
      "type": "aws_nat_gateway",
      "name": "nat_gateway",
      "provider": "provider[\"registry.terraform.io/hashicorp/aws\"]",
      "instances": [
        {
          "schema_version": 0,
          "attributes": {
            "allocation_id": "eipalloc-01d6714aef8fde25a",
            "association_id": "eipassoc-047671c1b5f099bae",
            "connectivity_type": "public",
            "id": "nat-08a09af21533f2942",
            "network_interface_id": "eni-08bc203a122ff87d0",
            "private_ip": "10.0.101.125",
            "public_ip": "40.177.175.80",
            "secondary_allocation_ids": [],
            "secondary_private_ip_address_count": 0,
            "secondary_private_ip_addresses": [],
            "subnet_id": "subnet-0ed1a539fc05f7dfc",
            "tags": {
              "Name": "demo_nat_gateway"
            },
            "tags_all": {
              "Environment": "development",
              "Name": "demo_nat_gateway"
            },
            "timeouts": null
          },
          "sensitive_attributes": [],
          "identity_schema_version": 0,
          "private": "eyJlMmJmYjczMC1lY2FhLTExZTYtOGY4OC0zNDM2M2JjN2M0YzAiOnsiY3JlYXRlIjo2MDAwMDAwMDAwMDAsImRlbGV0ZSI6MTgwMDAwMDAwMDAwMCwidXBkYXRlIjo2MDAwMDAwMDAwMDB9fQ==",
          "dependencies": [
            "aws_eip.nat_gateway_eip",
            "aws_internet_gateway.internet_gateway",
            "aws_subnet.public_subnets",
            "aws_vpc.vpc",
            "data.aws_availability_zones.available",
            "data.aws_region.current"
          ]
        }
      ]
    },
    {
      "mode": "managed",
      "type": "aws_route_table",
      "name": "private_route_table",
      "provider": "provider[\"registry.terraform.io/hashicorp/aws\"]",
      "instances": [
        {
          "schema_version": 0,
          "attributes": {
            "arn": "arn:aws:ec2:ca-west-1:339712998572:route-table/rtb-06ecd5ce0885bc1ba",
            "id": "rtb-06ecd5ce0885bc1ba",
            "owner_id": "339712998572",
            "propagating_vgws": [],
            "route": [
              {
                "carrier_gateway_id": "",
                "cidr_block": "0.0.0.0/0",
                "core_network_arn": "",
                "destination_prefix_list_id": "",
                "egress_only_gateway_id": "",
                "gateway_id": "",
                "ipv6_cidr_block": "",
                "local_gateway_id": "",
                "nat_gateway_id": "nat-08a09af21533f2942",
                "network_interface_id": "",
                "transit_gateway_id": "",
                "vpc_endpoint_id": "",
                "vpc_peering_connection_id": ""
              }
            ],
            "tags": {
              "Name": "demo_private_rtb",
              "Terraform": "true"
            },
            "tags_all": {
              "Environment": "development",
              "Name": "demo_private_rtb",
              "Terraform": "true"
            },
            "timeouts": null,
            "vpc_id": "vpc-0500d5bfafdbd4647"
          },
          "sensitive_attributes": [],
          "identity_schema_version": 0,
          "private": "eyJlMmJmYjczMC1lY2FhLTExZTYtOGY4OC0zNDM2M2JjN2M0YzAiOnsiY3JlYXRlIjozMDAwMDAwMDAwMDAsImRlbGV0ZSI6MzAwMDAwMDAwMDAwLCJ1cGRhdGUiOjEyMDAwMDAwMDAwMH19",
          "dependencies": [
            "aws_eip.nat_gateway_eip",
            "aws_internet_gateway.internet_gateway",
            "aws_nat_gateway.nat_gateway",
            "aws_subnet.public_subnets",
            "aws_vpc.vpc",
            "data.aws_availability_zones.available",
            "data.aws_region.current"
          ]
        }
      ]
    },
    {
      "mode": "managed",
      "type": "aws_route_table",
      "name": "public_route_table",
      "provider": "provider[\"registry.terraform.io/hashicorp/aws\"]",
      "instances": [
        {
          "schema_version": 0,
          "attributes": {
            "arn": "arn:aws:ec2:ca-west-1:339712998572:route-table/rtb-0e3d678d264da148a",
            "id": "rtb-0e3d678d264da148a",
            "owner_id": "339712998572",
            "propagating_vgws": [],
            "route": [
              {
                "carrier_gateway_id": "",
                "cidr_block": "0.0.0.0/0",
                "core_network_arn": "",
                "destination_prefix_list_id": "",
                "egress_only_gateway_id": "",
                "gateway_id": "igw-0d5dd378b45d3b4d7",
                "ipv6_cidr_block": "",
                "local_gateway_id": "",
                "nat_gateway_id": "",
                "network_interface_id": "",
                "transit_gateway_id": "",
                "vpc_endpoint_id": "",
                "vpc_peering_connection_id": ""
              }
            ],
            "tags": {
              "Name": "demo_public_rtb",
              "Terraform": "true"
            },
            "tags_all": {
              "Environment": "development",
              "Name": "demo_public_rtb",
              "Terraform": "true"
            },
            "timeouts": null,
            "vpc_id": "vpc-0500d5bfafdbd4647"
          },
          "sensitive_attributes": [],
          "identity_schema_version": 0,
          "private": "eyJlMmJmYjczMC1lY2FhLTExZTYtOGY4OC0zNDM2M2JjN2M0YzAiOnsiY3JlYXRlIjozMDAwMDAwMDAwMDAsImRlbGV0ZSI6MzAwMDAwMDAwMDAwLCJ1cGRhdGUiOjEyMDAwMDAwMDAwMH19",
          "dependencies": [
            "aws_internet_gateway.internet_gateway",
            "aws_vpc.vpc",
            "data.aws_region.current"
          ]
        }
      ]
    },
    {
      "mode": "managed",
      "type": "aws_route_table_association",
      "name": "private",
      "provider": "provider[\"registry.terraform.io/hashicorp/aws\"]",
      "instances": [
        {
          "index_key": "private_subnet_1",
          "schema_version": 0,
          "attributes": {
            "gateway_id": "",
            "id": "rtbassoc-0f271b5d92be0cd8f",
            "route_table_id": "rtb-06ecd5ce0885bc1ba",
            "subnet_id": "subnet-01d51ab1504599c41",
            "timeouts": null
          },
          "sensitive_attributes": [],
          "identity_schema_version": 0,
          "private": "eyJlMmJmYjczMC1lY2FhLTExZTYtOGY4OC0zNDM2M2JjN2M0YzAiOnsiY3JlYXRlIjozMDAwMDAwMDAwMDAsImRlbGV0ZSI6MzAwMDAwMDAwMDAwLCJ1cGRhdGUiOjEyMDAwMDAwMDAwMH19",
          "dependencies": [
            "aws_eip.nat_gateway_eip",
            "aws_internet_gateway.internet_gateway",
            "aws_nat_gateway.nat_gateway",
            "aws_route_table.private_route_table",
            "aws_subnet.private_subnets",
            "aws_subnet.public_subnets",
            "aws_vpc.vpc",
            "data.aws_availability_zones.available",
            "data.aws_region.current"
          ]
        },
        {
          "index_key": "private_subnet_2",
          "schema_version": 0,
          "attributes": {
            "gateway_id": "",
            "id": "rtbassoc-088d2d1cd80d2121e",
            "route_table_id": "rtb-06ecd5ce0885bc1ba",
            "subnet_id": "subnet-078212c549c707acf",
            "timeouts": null
          },
          "sensitive_attributes": [],
          "identity_schema_version": 0,
          "private": "eyJlMmJmYjczMC1lY2FhLTExZTYtOGY4OC0zNDM2M2JjN2M0YzAiOnsiY3JlYXRlIjozMDAwMDAwMDAwMDAsImRlbGV0ZSI6MzAwMDAwMDAwMDAwLCJ1cGRhdGUiOjEyMDAwMDAwMDAwMH19",
          "dependencies": [
            "aws_eip.nat_gateway_eip",
            "aws_internet_gateway.internet_gateway",
            "aws_nat_gateway.nat_gateway",
            "aws_route_table.private_route_table",
            "aws_subnet.private_subnets",
            "aws_subnet.public_subnets",
            "aws_vpc.vpc",
            "data.aws_availability_zones.available",
            "data.aws_region.current"
          ]
        },
        {
          "index_key": "private_subnet_3",
          "schema_version": 0,
          "attributes": {
            "gateway_id": "",
            "id": "rtbassoc-01c548dcaa2254e02",
            "route_table_id": "rtb-06ecd5ce0885bc1ba",
            "subnet_id": "subnet-072d0f8a8e14bf943",
            "timeouts": null
          },
          "sensitive_attributes": [],
          "identity_schema_version": 0,
          "private": "eyJlMmJmYjczMC1lY2FhLTExZTYtOGY4OC0zNDM2M2JjN2M0YzAiOnsiY3JlYXRlIjozMDAwMDAwMDAwMDAsImRlbGV0ZSI6MzAwMDAwMDAwMDAwLCJ1cGRhdGUiOjEyMDAwMDAwMDAwMH19",
          "dependencies": [
            "aws_eip.nat_gateway_eip",
            "aws_internet_gateway.internet_gateway",
            "aws_nat_gateway.nat_gateway",
            "aws_route_table.private_route_table",
            "aws_subnet.private_subnets",
            "aws_subnet.public_subnets",
            "aws_vpc.vpc",
            "data.aws_availability_zones.available",
            "data.aws_region.current"
          ]
        }
      ]
    },
    {
      "mode": "managed",
      "type": "aws_route_table_association",
      "name": "public",
      "provider": "provider[\"registry.terraform.io/hashicorp/aws\"]",
      "instances": [
        {
          "index_key": "public_subnet_1",
          "schema_version": 0,
          "attributes": {
            "gateway_id": "",
            "id": "rtbassoc-0ccf4188c4efb07cd",
            "route_table_id": "rtb-0e3d678d264da148a",
            "subnet_id": "subnet-0ed1a539fc05f7dfc",
            "timeouts": null
          },
          "sensitive_attributes": [],
          "identity_schema_version": 0,
          "private": "eyJlMmJmYjczMC1lY2FhLTExZTYtOGY4OC0zNDM2M2JjN2M0YzAiOnsiY3JlYXRlIjozMDAwMDAwMDAwMDAsImRlbGV0ZSI6MzAwMDAwMDAwMDAwLCJ1cGRhdGUiOjEyMDAwMDAwMDAwMH19",
          "dependencies": [
            "aws_internet_gateway.internet_gateway",
            "aws_route_table.public_route_table",
            "aws_subnet.public_subnets",
            "aws_vpc.vpc",
            "data.aws_availability_zones.available",
            "data.aws_region.current"
          ]
        },
        {
          "index_key": "public_subnet_2",
          "schema_version": 0,
          "attributes": {
            "gateway_id": "",
            "id": "rtbassoc-03c8b526164725708",
            "route_table_id": "rtb-0e3d678d264da148a",
            "subnet_id": "subnet-062dedd5fb43cdba6",
            "timeouts": null
          },
          "sensitive_attributes": [],
          "identity_schema_version": 0,
          "private": "eyJlMmJmYjczMC1lY2FhLTExZTYtOGY4OC0zNDM2M2JjN2M0YzAiOnsiY3JlYXRlIjozMDAwMDAwMDAwMDAsImRlbGV0ZSI6MzAwMDAwMDAwMDAwLCJ1cGRhdGUiOjEyMDAwMDAwMDAwMH19",
          "dependencies": [
            "aws_internet_gateway.internet_gateway",
            "aws_route_table.public_route_table",
            "aws_subnet.public_subnets",
            "aws_vpc.vpc",
            "data.aws_availability_zones.available",
            "data.aws_region.current"
          ]
        },
        {
          "index_key": "public_subnet_3",
          "schema_version": 0,
          "attributes": {
            "gateway_id": "",
            "id": "rtbassoc-0d76332a24d4eae78",
            "route_table_id": "rtb-0e3d678d264da148a",
            "subnet_id": "subnet-03ab358aa6246284b",
            "timeouts": null
          },
          "sensitive_attributes": [],
          "identity_schema_version": 0,
          "private": "eyJlMmJmYjczMC1lY2FhLTExZTYtOGY4OC0zNDM2M2JjN2M0YzAiOnsiY3JlYXRlIjozMDAwMDAwMDAwMDAsImRlbGV0ZSI6MzAwMDAwMDAwMDAwLCJ1cGRhdGUiOjEyMDAwMDAwMDAwMH19",
          "dependencies": [
            "aws_internet_gateway.internet_gateway",
            "aws_route_table.public_route_table",
            "aws_subnet.public_subnets",
            "aws_vpc.vpc",
            "data.aws_availability_zones.available",
            "data.aws_region.current"
          ]
        }
      ]
    },
    {
      "mode": "managed",
      "type": "aws_security_group",
      "name": "ingress-ssh",
      "provider": "provider[\"registry.terraform.io/hashicorp/aws\"]",
      "instances": [
        {
          "schema_version": 1,
          "attributes": {
            "arn": "arn:aws:ec2:ca-west-1:339712998572:security-group/sg-00f32efa6ce407db4",
            "description": "Managed by Terraform",
            "egress": [
              {
                "cidr_blocks": [
                  "0.0.0.0/0"
                ],
                "description": "",
                "from_port": 0,
                "ipv6_cidr_blocks": [],
                "prefix_list_ids": [],
                "protocol": "-1",
                "security_groups": [],
                "self": false,
                "to_port": 0
              }
            ],
            "id": "sg-00f32efa6ce407db4",
            "ingress": [
              {
                "cidr_blocks": [
                  "0.0.0.0/0"
                ],
                "description": "",
                "from_port": 22,
                "ipv6_cidr_blocks": [],
                "prefix_list_ids": [],
                "protocol": "tcp",
                "security_groups": [],
                "self": false,
                "to_port": 22
              }
            ],
            "name": "allow-all-ssh",
            "name_prefix": "",
            "owner_id": "339712998572",
            "revoke_rules_on_delete": false,
            "tags": {},
            "tags_all": {
              "Environment": "development"
            },
            "timeouts": null,
            "vpc_id": "vpc-0500d5bfafdbd4647"
          },
          "sensitive_attributes": [],
          "identity_schema_version": 0,
          "private": "eyJlMmJmYjczMC1lY2FhLTExZTYtOGY4OC0zNDM2M2JjN2M0YzAiOnsiY3JlYXRlIjo2MDAwMDAwMDAwMDAsImRlbGV0ZSI6OTAwMDAwMDAwMDAwfSwic2NoZW1hX3ZlcnNpb24iOiIxIn0=",
          "dependencies": [
            "aws_vpc.vpc",
            "data.aws_region.current"
          ]
        }
      ]
    },
    {
      "mode": "managed",
      "type": "aws_security_group",
      "name": "my-security-group",
      "provider": "provider[\"registry.terraform.io/hashicorp/aws\"]",
      "instances": [
        {
          "schema_version": 1,
          "attributes": {
            "arn": "arn:aws:ec2:ca-west-1:339712998572:security-group/sg-0350496e6e26b80b4",
            "description": "Allow inbound traffic on tcp/443",
            "egress": [],
            "id": "sg-0350496e6e26b80b4",
            "ingress": [
              {
                "cidr_blocks": [
                  "0.0.0.0/0"
                ],
                "description": "Allow 443 from the Internet",
                "from_port": 443,
                "ipv6_cidr_blocks": [],
                "prefix_list_ids": [],
                "protocol": "tcp",
                "security_groups": [],
                "self": false,
                "to_port": 443
              }
            ],
            "name": "web_server_inbound",
            "name_prefix": "",
            "owner_id": "339712998572",
            "revoke_rules_on_delete": false,
            "tags": {
              "Name": "web_server_inbound",
              "Purpose": "Intro to Resource Blocks Lab"
            },
            "tags_all": {
              "Environment": "development",
              "Name": "web_server_inbound",
              "Purpose": "Intro to Resource Blocks Lab"
            },
            "timeouts": null,
            "vpc_id": "vpc-0500d5bfafdbd4647"
          },
          "sensitive_attributes": [],
          "identity_schema_version": 0,
          "private": "eyJlMmJmYjczMC1lY2FhLTExZTYtOGY4OC0zNDM2M2JjN2M0YzAiOnsiY3JlYXRlIjo2MDAwMDAwMDAwMDAsImRlbGV0ZSI6OTAwMDAwMDAwMDAwfSwic2NoZW1hX3ZlcnNpb24iOiIxIn0=",
          "dependencies": [
            "aws_vpc.vpc",
            "data.aws_region.current"
          ]
        }
      ]
    },
    {
      "mode": "managed",
      "type": "aws_security_group",
      "name": "vpc-ping",
      "provider": "provider[\"registry.terraform.io/hashicorp/aws\"]",
      "instances": [
        {
          "schema_version": 1,
          "attributes": {
            "arn": "arn:aws:ec2:ca-west-1:339712998572:security-group/sg-032bd2a39b040ca36",
            "description": "ICMP for Ping Access",
            "egress": [
              {
                "cidr_blocks": [
                  "0.0.0.0/0"
                ],
                "description": "Allow all ip and ports outbound",
                "from_port": 0,
                "ipv6_cidr_blocks": [],
                "prefix_list_ids": [],
                "protocol": "-1",
                "security_groups": [],
                "self": false,
                "to_port": 0
              }
            ],
            "id": "sg-032bd2a39b040ca36",
            "ingress": [
              {
                "cidr_blocks": [
                  "0.0.0.0/0"
                ],
                "description": "Allow ICMP Traffic",
                "from_port": -1,
                "ipv6_cidr_blocks": [],
                "prefix_list_ids": [],
                "protocol": "icmp",
                "security_groups": [],
                "self": false,
                "to_port": -1
              }
            ],
            "name": "vpc-ping",
            "name_prefix": "",
            "owner_id": "339712998572",
            "revoke_rules_on_delete": false,
            "tags": {},
            "tags_all": {
              "Environment": "development"
            },
            "timeouts": null,
            "vpc_id": "vpc-0500d5bfafdbd4647"
          },
          "sensitive_attributes": [],
          "identity_schema_version": 0,
          "private": "eyJlMmJmYjczMC1lY2FhLTExZTYtOGY4OC0zNDM2M2JjN2M0YzAiOnsiY3JlYXRlIjo2MDAwMDAwMDAwMDAsImRlbGV0ZSI6OTAwMDAwMDAwMDAwfSwic2NoZW1hX3ZlcnNpb24iOiIxIn0=",
          "dependencies": [
            "aws_vpc.vpc",
            "data.aws_region.current"
          ]
        }
      ]
    },
    {
      "mode": "managed",
      "type": "aws_security_group",
      "name": "vpc-web",
      "provider": "provider[\"registry.terraform.io/hashicorp/aws\"]",
      "instances": [
        {
          "schema_version": 1,
          "attributes": {
            "arn": "arn:aws:ec2:ca-west-1:339712998572:security-group/sg-036e4df49b3f20a44",
            "description": "Web Traffic",
            "egress": [
              {
                "cidr_blocks": [
                  "0.0.0.0/0"
                ],
                "description": "Allow all ip and ports outbound",
                "from_port": 0,
                "ipv6_cidr_blocks": [],
                "prefix_list_ids": [],
                "protocol": "-1",
                "security_groups": [],
                "self": false,
                "to_port": 0
              }
            ],
            "id": "sg-036e4df49b3f20a44",
            "ingress": [
              {
                "cidr_blocks": [
                  "0.0.0.0/0"
                ],
                "description": "Allow Port 443",
                "from_port": 443,
                "ipv6_cidr_blocks": [],
                "prefix_list_ids": [],
                "protocol": "tcp",
                "security_groups": [],
                "self": false,
                "to_port": 443
              },
              {
                "cidr_blocks": [
                  "0.0.0.0/0"
                ],
                "description": "Allow Port 80",
                "from_port": 80,
                "ipv6_cidr_blocks": [],
                "prefix_list_ids": [],
                "protocol": "tcp",
                "security_groups": [],
                "self": false,
                "to_port": 80
              }
            ],
            "name": "vpc-web-development",
            "name_prefix": "",
            "owner_id": "339712998572",
            "revoke_rules_on_delete": false,
            "tags": {},
            "tags_all": {
              "Environment": "development"
            },
            "timeouts": null,
            "vpc_id": "vpc-0500d5bfafdbd4647"
          },
          "sensitive_attributes": [],
          "identity_schema_version": 0,
          "private": "eyJlMmJmYjczMC1lY2FhLTExZTYtOGY4OC0zNDM2M2JjN2M0YzAiOnsiY3JlYXRlIjo2MDAwMDAwMDAwMDAsImRlbGV0ZSI6OTAwMDAwMDAwMDAwfSwic2NoZW1hX3ZlcnNpb24iOiIxIn0=",
          "dependencies": [
            "aws_vpc.vpc",
            "data.aws_region.current"
          ]
        }
      ]
    },
    {
      "mode": "managed",
      "type": "aws_subnet",
      "name": "private_subnets",
      "provider": "provider[\"registry.terraform.io/hashicorp/aws\"]",
      "instances": [
        {
          "index_key": "private_subnet_1",
          "schema_version": 1,
          "attributes": {
            "arn": "arn:aws:ec2:ca-west-1:339712998572:subnet/subnet-01d51ab1504599c41",
            "assign_ipv6_address_on_creation": false,
            "availability_zone": "ca-west-1a",
            "availability_zone_id": "caw1-az1",
            "cidr_block": "10.0.1.0/24",
            "customer_owned_ipv4_pool": "",
            "enable_dns64": false,
            "enable_lni_at_device_index": 0,
            "enable_resource_name_dns_a_record_on_launch": false,
            "enable_resource_name_dns_aaaa_record_on_launch": false,
            "id": "subnet-01d51ab1504599c41",
            "ipv6_cidr_block": "",
            "ipv6_cidr_block_association_id": "",
            "ipv6_native": false,
            "map_customer_owned_ip_on_launch": false,
            "map_public_ip_on_launch": false,
            "outpost_arn": "",
            "owner_id": "339712998572",
            "private_dns_hostname_type_on_launch": "ip-name",
            "tags": {
              "Name": "private_subnet_1",
              "Terraform": "true"
            },
            "tags_all": {
              "Environment": "development",
              "Name": "private_subnet_1",
              "Terraform": "true"
            },
            "timeouts": null,
            "vpc_id": "vpc-0500d5bfafdbd4647"
          },
          "sensitive_attributes": [],
          "identity_schema_version": 0,
          "private": "eyJlMmJmYjczMC1lY2FhLTExZTYtOGY4OC0zNDM2M2JjN2M0YzAiOnsiY3JlYXRlIjo2MDAwMDAwMDAwMDAsImRlbGV0ZSI6MTIwMDAwMDAwMDAwMH0sInNjaGVtYV92ZXJzaW9uIjoiMSJ9",
          "dependencies": [
            "aws_vpc.vpc",
            "data.aws_availability_zones.available",
            "data.aws_region.current"
          ]
        },
        {
          "index_key": "private_subnet_2",
          "schema_version": 1,
          "attributes": {
            "arn": "arn:aws:ec2:ca-west-1:339712998572:subnet/subnet-078212c549c707acf",
            "assign_ipv6_address_on_creation": false,
            "availability_zone": "ca-west-1b",
            "availability_zone_id": "caw1-az2",
            "cidr_block": "10.0.2.0/24",
            "customer_owned_ipv4_pool": "",
            "enable_dns64": false,
            "enable_lni_at_device_index": 0,
            "enable_resource_name_dns_a_record_on_launch": false,
            "enable_resource_name_dns_aaaa_record_on_launch": false,
            "id": "subnet-078212c549c707acf",
            "ipv6_cidr_block": "",
            "ipv6_cidr_block_association_id": "",
            "ipv6_native": false,
            "map_customer_owned_ip_on_launch": false,
            "map_public_ip_on_launch": false,
            "outpost_arn": "",
            "owner_id": "339712998572",
            "private_dns_hostname_type_on_launch": "ip-name",
            "tags": {
              "Name": "private_subnet_2",
              "Terraform": "true"
            },
            "tags_all": {
              "Environment": "development",
              "Name": "private_subnet_2",
              "Terraform": "true"
            },
            "timeouts": null,
            "vpc_id": "vpc-0500d5bfafdbd4647"
          },
          "sensitive_attributes": [],
          "identity_schema_version": 0,
          "private": "eyJlMmJmYjczMC1lY2FhLTExZTYtOGY4OC0zNDM2M2JjN2M0YzAiOnsiY3JlYXRlIjo2MDAwMDAwMDAwMDAsImRlbGV0ZSI6MTIwMDAwMDAwMDAwMH0sInNjaGVtYV92ZXJzaW9uIjoiMSJ9",
          "dependencies": [
            "aws_vpc.vpc",
            "data.aws_availability_zones.available",
            "data.aws_region.current"
          ]
        },
        {
          "index_key": "private_subnet_3",
          "schema_version": 1,
          "attributes": {
            "arn": "arn:aws:ec2:ca-west-1:339712998572:subnet/subnet-072d0f8a8e14bf943",
            "assign_ipv6_address_on_creation": false,
            "availability_zone": "ca-west-1c",
            "availability_zone_id": "caw1-az3",
            "cidr_block": "10.0.3.0/24",
            "customer_owned_ipv4_pool": "",
            "enable_dns64": false,
            "enable_lni_at_device_index": 0,
            "enable_resource_name_dns_a_record_on_launch": false,
            "enable_resource_name_dns_aaaa_record_on_launch": false,
            "id": "subnet-072d0f8a8e14bf943",
            "ipv6_cidr_block": "",
            "ipv6_cidr_block_association_id": "",
            "ipv6_native": false,
            "map_customer_owned_ip_on_launch": false,
            "map_public_ip_on_launch": false,
            "outpost_arn": "",
            "owner_id": "339712998572",
            "private_dns_hostname_type_on_launch": "ip-name",
            "tags": {
              "Name": "private_subnet_3",
              "Terraform": "true"
            },
            "tags_all": {
              "Environment": "development",
              "Name": "private_subnet_3",
              "Terraform": "true"
            },
            "timeouts": null,
            "vpc_id": "vpc-0500d5bfafdbd4647"
          },
          "sensitive_attributes": [],
          "identity_schema_version": 0,
          "private": "eyJlMmJmYjczMC1lY2FhLTExZTYtOGY4OC0zNDM2M2JjN2M0YzAiOnsiY3JlYXRlIjo2MDAwMDAwMDAwMDAsImRlbGV0ZSI6MTIwMDAwMDAwMDAwMH0sInNjaGVtYV92ZXJzaW9uIjoiMSJ9",
          "dependencies": [
            "aws_vpc.vpc",
            "data.aws_availability_zones.available",
            "data.aws_region.current"
          ]
        }
      ]
    },
    {
      "mode": "managed",
      "type": "aws_subnet",
      "name": "public_subnets",
      "provider": "provider[\"registry.terraform.io/hashicorp/aws\"]",
      "instances": [
        {
          "index_key": "public_subnet_1",
          "schema_version": 1,
          "attributes": {
            "arn": "arn:aws:ec2:ca-west-1:339712998572:subnet/subnet-0ed1a539fc05f7dfc",
            "assign_ipv6_address_on_creation": false,
            "availability_zone": "ca-west-1a",
            "availability_zone_id": "caw1-az1",
            "cidr_block": "10.0.101.0/24",
            "customer_owned_ipv4_pool": "",
            "enable_dns64": false,
            "enable_lni_at_device_index": 0,
            "enable_resource_name_dns_a_record_on_launch": false,
            "enable_resource_name_dns_aaaa_record_on_launch": false,
            "id": "subnet-0ed1a539fc05f7dfc",
            "ipv6_cidr_block": "",
            "ipv6_cidr_block_association_id": "",
            "ipv6_native": false,
            "map_customer_owned_ip_on_launch": false,
            "map_public_ip_on_launch": true,
            "outpost_arn": "",
            "owner_id": "339712998572",
            "private_dns_hostname_type_on_launch": "ip-name",
            "tags": {
              "Name": "public_subnet_1",
              "Terraform": "true"
            },
            "tags_all": {
              "Environment": "development",
              "Name": "public_subnet_1",
              "Terraform": "true"
            },
            "timeouts": null,
            "vpc_id": "vpc-0500d5bfafdbd4647"
          },
          "sensitive_attributes": [],
          "identity_schema_version": 0,
          "private": "eyJlMmJmYjczMC1lY2FhLTExZTYtOGY4OC0zNDM2M2JjN2M0YzAiOnsiY3JlYXRlIjo2MDAwMDAwMDAwMDAsImRlbGV0ZSI6MTIwMDAwMDAwMDAwMH0sInNjaGVtYV92ZXJzaW9uIjoiMSJ9",
          "dependencies": [
            "aws_vpc.vpc",
            "data.aws_availability_zones.available",
            "data.aws_region.current"
          ]
        },
        {
          "index_key": "public_subnet_2",
          "schema_version": 1,
          "attributes": {
            "arn": "arn:aws:ec2:ca-west-1:339712998572:subnet/subnet-062dedd5fb43cdba6",
            "assign_ipv6_address_on_creation": false,
            "availability_zone": "ca-west-1b",
            "availability_zone_id": "caw1-az2",
            "cidr_block": "10.0.102.0/24",
            "customer_owned_ipv4_pool": "",
            "enable_dns64": false,
            "enable_lni_at_device_index": 0,
            "enable_resource_name_dns_a_record_on_launch": false,
            "enable_resource_name_dns_aaaa_record_on_launch": false,
            "id": "subnet-062dedd5fb43cdba6",
            "ipv6_cidr_block": "",
            "ipv6_cidr_block_association_id": "",
            "ipv6_native": false,
            "map_customer_owned_ip_on_launch": false,
            "map_public_ip_on_launch": true,
            "outpost_arn": "",
            "owner_id": "339712998572",
            "private_dns_hostname_type_on_launch": "ip-name",
            "tags": {
              "Name": "public_subnet_2",
              "Terraform": "true"
            },
            "tags_all": {
              "Environment": "development",
              "Name": "public_subnet_2",
              "Terraform": "true"
            },
            "timeouts": null,
            "vpc_id": "vpc-0500d5bfafdbd4647"
          },
          "sensitive_attributes": [],
          "identity_schema_version": 0,
          "private": "eyJlMmJmYjczMC1lY2FhLTExZTYtOGY4OC0zNDM2M2JjN2M0YzAiOnsiY3JlYXRlIjo2MDAwMDAwMDAwMDAsImRlbGV0ZSI6MTIwMDAwMDAwMDAwMH0sInNjaGVtYV92ZXJzaW9uIjoiMSJ9",
          "dependencies": [
            "aws_vpc.vpc",
            "data.aws_availability_zones.available",
            "data.aws_region.current"
          ]
        },
        {
          "index_key": "public_subnet_3",
          "schema_version": 1,
          "attributes": {
            "arn": "arn:aws:ec2:ca-west-1:339712998572:subnet/subnet-03ab358aa6246284b",
            "assign_ipv6_address_on_creation": false,
            "availability_zone": "ca-west-1c",
            "availability_zone_id": "caw1-az3",
            "cidr_block": "10.0.103.0/24",
            "customer_owned_ipv4_pool": "",
            "enable_dns64": false,
            "enable_lni_at_device_index": 0,
            "enable_resource_name_dns_a_record_on_launch": false,
            "enable_resource_name_dns_aaaa_record_on_launch": false,
            "id": "subnet-03ab358aa6246284b",
            "ipv6_cidr_block": "",
            "ipv6_cidr_block_association_id": "",
            "ipv6_native": false,
            "map_customer_owned_ip_on_launch": false,
            "map_public_ip_on_launch": true,
            "outpost_arn": "",
            "owner_id": "339712998572",
            "private_dns_hostname_type_on_launch": "ip-name",
            "tags": {
              "Name": "public_subnet_3",
              "Terraform": "true"
            },
            "tags_all": {
              "Environment": "development",
              "Name": "public_subnet_3",
              "Terraform": "true"
            },
            "timeouts": null,
            "vpc_id": "vpc-0500d5bfafdbd4647"
          },
          "sensitive_attributes": [],
          "identity_schema_version": 0,
          "private": "eyJlMmJmYjczMC1lY2FhLTExZTYtOGY4OC0zNDM2M2JjN2M0YzAiOnsiY3JlYXRlIjo2MDAwMDAwMDAwMDAsImRlbGV0ZSI6MTIwMDAwMDAwMDAwMH0sInNjaGVtYV92ZXJzaW9uIjoiMSJ9",
          "dependencies": [
            "aws_vpc.vpc",
            "data.aws_availability_zones.available",
            "data.aws_region.current"
          ]
        }
      ]
    },
    {
      "mode": "managed",
      "type": "aws_subnet",
      "name": "variables-subnet",
      "provider": "provider[\"registry.terraform.io/hashicorp/aws\"]",
      "instances": [
        {
          "schema_version": 1,
          "attributes": {
            "arn": "arn:aws:ec2:ca-west-1:339712998572:subnet/subnet-0e0f734b5ea7e358d",
            "assign_ipv6_address_on_creation": false,
            "availability_zone": "ca-west-1a",
            "availability_zone_id": "caw1-az1",
            "cidr_block": "10.0.250.0/24",
            "customer_owned_ipv4_pool": "",
            "enable_dns64": false,
            "enable_lni_at_device_index": 0,
            "enable_resource_name_dns_a_record_on_launch": false,
            "enable_resource_name_dns_aaaa_record_on_launch": false,
            "id": "subnet-0e0f734b5ea7e358d",
            "ipv6_cidr_block": "",
            "ipv6_cidr_block_association_id": "",
            "ipv6_native": false,
            "map_customer_owned_ip_on_launch": false,
            "map_public_ip_on_launch": true,
            "outpost_arn": "",
            "owner_id": "339712998572",
            "private_dns_hostname_type_on_launch": "ip-name",
            "tags": {
              "Name": "sub-variables-ca-west-1a",
              "Terraform": "true"
            },
            "tags_all": {
              "Environment": "development",
              "Name": "sub-variables-ca-west-1a",
              "Terraform": "true"
            },
            "timeouts": null,
            "vpc_id": "vpc-0500d5bfafdbd4647"
          },
          "sensitive_attributes": [],
          "identity_schema_version": 0,
          "private": "eyJlMmJmYjczMC1lY2FhLTExZTYtOGY4OC0zNDM2M2JjN2M0YzAiOnsiY3JlYXRlIjo2MDAwMDAwMDAwMDAsImRlbGV0ZSI6MTIwMDAwMDAwMDAwMH0sInNjaGVtYV92ZXJzaW9uIjoiMSJ9",
          "dependencies": [
            "aws_vpc.vpc",
            "data.aws_region.current"
          ]
        }
      ]
    },
    {
      "mode": "managed",
      "type": "aws_vpc",
      "name": "vpc",
      "provider": "provider[\"registry.terraform.io/hashicorp/aws\"]",
      "instances": [
        {
          "schema_version": 1,
          "attributes": {
            "arn": "arn:aws:ec2:ca-west-1:339712998572:vpc/vpc-0500d5bfafdbd4647",
            "assign_generated_ipv6_cidr_block": false,
            "cidr_block": "10.0.0.0/16",
            "default_network_acl_id": "acl-0a810c0733bce9ceb",
            "default_route_table_id": "rtb-04478c8e904ff6d67",
            "default_security_group_id": "sg-0cf6ba0bae2e3c773",
            "dhcp_options_id": "dopt-0a0a95b619c2b8431",
            "enable_dns_hostnames": false,
            "enable_dns_support": true,
            "enable_network_address_usage_metrics": false,
            "id": "vpc-0500d5bfafdbd4647",
            "instance_tenancy": "default",
            "ipv4_ipam_pool_id": null,
            "ipv4_netmask_length": null,
            "ipv6_association_id": "",
            "ipv6_cidr_block": "",
            "ipv6_cidr_block_network_border_group": "",
            "ipv6_ipam_pool_id": "",
            "ipv6_netmask_length": 0,
            "main_route_table_id": "rtb-04478c8e904ff6d67",
            "owner_id": "339712998572",
            "tags": {
              "Environment": "demo_environment",
              "Name": "demo_vpc",
              "Region": "ca-west-1",
              "Terraform": "true"
            },
            "tags_all": {
              "Environment": "demo_environment",
              "Name": "demo_vpc",
              "Region": "ca-west-1",
              "Terraform": "true"
            }
          },
          "sensitive_attributes": [],
          "identity_schema_version": 0,
          "private": "eyJzY2hlbWFfdmVyc2lvbiI6IjEifQ==",
          "dependencies": [
            "data.aws_region.current"
          ]
        }
      ]
    },
    {
      "mode": "managed",
      "type": "local_file",
      "name": "private_key_pem",
      "provider": "provider[\"registry.terraform.io/hashicorp/local\"]",
      "instances": [
        {
          "schema_version": 0,
          "attributes": {
            "content": "-----BEGIN RSA PRIVATE KEY-----\nMIIEpAIBAAKCAQEAwhTSSNwAp+tNbJqeDK7e00DK/fY9zneFtX7l43dDeNXPe8UA\n9tZXTnp7sBMYhvP6KyQJ2bAr3HH9RODW0JQALcy58fWUj/BD3ew91EcicrwwAlof\nErMAYb0EMb1WnLAW81kldd3w7qE7Fb+nadQvi/1DroEgXlMqWBKnGyLAndQdRn6u\nxoiuyuHo2gFUUwGV1CRBCtliX6NznUC+dSX41Bn72bD/ren+BUoT1RZt61Z41rm2\n0/Q9tO3NeWCd7hfTrdh2GHgnVr5rutx/2MbVnwHBT1DYK5TMKx+skYeO3mvJuuOB\nObqo66ecg6XoQb0BG0aVXgKU5wsqnyvJdNHZGwIDAQABAoIBACx1QZBgGSReEd/J\ncV/9ZNymkHlpgVH87hubxIR9Ku8Qp1U2VRi2E8zN4Ox+C1XKqKleOYVsxjdaw0YW\nbQ7dgEb9iTDEbTIlux4ogidQ3jLDKgo347tQVsuM1VuhgCgnbDJ1Xs/ntcusElFS\nlEJ5USTzsJ/WQ3hn+6CuMSpVpSLh8ByO5vo/W+DPYb9Xu47OrFN/feYulrjO26IH\nj+pkIjJlNsn6vJXQCmjkDcUJzNNsnIKBgrNvqqOIDceRjA6PEOdSkLJs4eCTYykD\n1+uJUR8gxP1yp50skdn9kIREtPxvNajcqXsoH0aor9G1peA4Kuy2XwsXHkqY8yOa\nw4oT1rECgYEA8TBXQg2qTKH0IlfEV7KXJSHXK41pGrzUgDE+8nKlsK7/omTA/Q9K\nmazHXgXBjz4kTpPIOnJlS9M18/+WB4zZBbO7GTAVtFq7iNu+1PkQKiF5hcJV1kRx\nCQKu08Mz36aQ64J/109kcwlT/t1ECrO+AdQojlCWm4GcqVgm1wCaYUsCgYEAzf/q\n2GFZiLz5SxrVHQ0arNIOTpzd0WMxXsCB0+OIcs0YwqrJ7Cb0ciJCQfiSWtK4kK0y\nYkzeE1OkcEKPuF9D4Nshg834DcDTgq4ogWMmXFwAF6JwRIERr7EKexsGaCqtuFZG\n2zVmYJqubdYsH4hrT9pKwHS22oKytfXGSQ69VXECgYEAv0GHIDD353bRwl34q1ZK\nNr7EApxLSVGN7O2gLd+t9hJ/UkY1Jzb2ADCbk7pax/0OC2Vy9K38F4mwEgGN9gTB\nn5zrc8jGnVMJvTgL9pReNhp/ZAs7yAJT5EJFYlU7kFFkP+0m9RTW4cX23naVWys3\nM/oKAvhyxXOdSEhH3Fx1D0sCgYAkX6/kDSx2DIgoTtCalJnFMkH8d45jTpSFGpDS\nDTcmrjhVBzsoS6iWDp6Mb4vIJbUZNrvSx6fe2cILYHVoJMojhg3g7BmEtCukw4O7\ndPptDIGnqrMQJYot76DeI+N5uS97gSB5zHALVsS9+DdKShhIvU69tN4krzdHEeK1\nO7kKwQKBgQDnlC3wmC2gxsINBQw1V0pQOybKCeQiv2d0ltBbTlDMQ5dx6+bVEHWO\nef6nLS11kdoRuxj76sy7nnttz/bTDQtiS9TF6OrriLRkeG65Mw3D0QxVll+0noKG\no9tYLmTSUYbjINysiLw9HywhC1YA6U+Z60/Tz/3K0ImyfUiY5RpKSA==\n-----END RSA PRIVATE KEY-----\n",
            "content_base64": null,
            "content_base64sha256": "mEDjd8Arhg8aW19uRURW9vjJR65nOA0eItrb42ZSA+A=",
            "content_base64sha512": "LL82MxlOmFIu4liQjbmn42uVCsMSEAFOE/tz8wzxB162syZxYNPtmhY4ZARgN4HrXZblTsnthJ2yB2e0zp1ZbQ==",
            "content_md5": "64d80d3e1c6af68917e153200af2d2b1",
            "content_sha1": "a866566792d4493ef5fa0b64c313776857973897",
            "content_sha256": "9840e377c02b860f1a5b5f6e454456f6f8c947ae67380d1e22dadbe3665203e0",
            "content_sha512": "2cbf3633194e98522ee258908db9a7e36b950ac31210014e13fb73f30cf1075eb6b3267160d3ed9a16386404603781eb5d96e54ec9ed849db20767b4ce9d596d",
            "directory_permission": "0777",
            "file_permission": "0777",
            "filename": "MyTerraformInstanceKey.pem",
            "id": "a866566792d4493ef5fa0b64c313776857973897",
            "sensitive_content": null,
            "source": null
          },
          "sensitive_attributes": [
            [
              {
                "type": "get_attr",
                "value": "content"
              }
            ],
            [
              {
                "type": "get_attr",
                "value": "sensitive_content"
              }
            ]
          ],
          "identity_schema_version": 0,
          "dependencies": [
            "tls_private_key.generated"
          ]
        }
      ]
    },
    {
      "mode": "managed",
      "type": "tls_private_key",
      "name": "generated",
      "provider": "provider[\"registry.terraform.io/hashicorp/tls\"]",
      "instances": [
        {
          "schema_version": 1,
          "attributes": {
            "algorithm": "RSA",
            "ecdsa_curve": "P224",
            "id": "ac071a7b9d7a91097ec279bc88ce03dda21f58ab",
            "private_key_openssh": "-----BEGIN OPENSSH PRIVATE KEY-----\nb3BlbnNzaC1rZXktdjEAAAAABG5vbmUAAAAEbm9uZQAAAAAAAAABAAABFwAAAAdz\nc2gtcnNhAAAAAwEAAQAAAQEAwhTSSNwAp+tNbJqeDK7e00DK/fY9zneFtX7l43dD\neNXPe8UA9tZXTnp7sBMYhvP6KyQJ2bAr3HH9RODW0JQALcy58fWUj/BD3ew91Eci\ncrwwAlofErMAYb0EMb1WnLAW81kldd3w7qE7Fb+nadQvi/1DroEgXlMqWBKnGyLA\nndQdRn6uxoiuyuHo2gFUUwGV1CRBCtliX6NznUC+dSX41Bn72bD/ren+BUoT1RZt\n61Z41rm20/Q9tO3NeWCd7hfTrdh2GHgnVr5rutx/2MbVnwHBT1DYK5TMKx+skYeO\n3mvJuuOBObqo66ecg6XoQb0BG0aVXgKU5wsqnyvJdNHZGwAAA7htSa/+bUmv/gAA\nAAdzc2gtcnNhAAABAQDCFNJI3ACn601smp4Mrt7TQMr99j3Od4W1fuXjd0N41c97\nxQD21ldOenuwExiG8/orJAnZsCvccf1E4NbQlAAtzLnx9ZSP8EPd7D3URyJyvDAC\nWh8SswBhvQQxvVacsBbzWSV13fDuoTsVv6dp1C+L/UOugSBeUypYEqcbIsCd1B1G\nfq7GiK7K4ejaAVRTAZXUJEEK2WJfo3OdQL51JfjUGfvZsP+t6f4FShPVFm3rVnjW\nubbT9D207c15YJ3uF9Ot2HYYeCdWvmu63H/YxtWfAcFPUNgrlMwrH6yRh47ea8m6\n44E5uqjrp5yDpehBvQEbRpVeApTnCyqfK8l00dkbAAAAAwEAAQAAAQAsdUGQYBkk\nXhHfyXFf/WTcppB5aYFR/O4bm8SEfSrvEKdVNlUYthPMzeDsfgtVyqipXjmFbMY3\nWsNGFm0O3YBG/YkwxG0yJbseKIInUN4ywyoKN+O7UFbLjNVboYAoJ2wydV7P57XL\nrBJRUpRCeVEk87Cf1kN4Z/ugrjEqVaUi4fAcjub6P1vgz2G/V7uOzqxTf33mLpa4\nztuiB4/qZCIyZTbJ+ryV0Apo5A3FCczTbJyCgYKzb6qjiA3HkYwOjxDnUpCybOHg\nk2MpA9friVEfIMT9cqedLJHZ/ZCERLT8bzWo3Kl7KB9GqK/RtaXgOCrstl8LFx5K\nmPMjmsOKE9axAAAAgQDnlC3wmC2gxsINBQw1V0pQOybKCeQiv2d0ltBbTlDMQ5dx\n6+bVEHWOef6nLS11kdoRuxj76sy7nnttz/bTDQtiS9TF6OrriLRkeG65Mw3D0QxV\nll+0noKGo9tYLmTSUYbjINysiLw9HywhC1YA6U+Z60/Tz/3K0ImyfUiY5RpKSAAA\nAIEA8TBXQg2qTKH0IlfEV7KXJSHXK41pGrzUgDE+8nKlsK7/omTA/Q9KmazHXgXB\njz4kTpPIOnJlS9M18/+WB4zZBbO7GTAVtFq7iNu+1PkQKiF5hcJV1kRxCQKu08Mz\n36aQ64J/109kcwlT/t1ECrO+AdQojlCWm4GcqVgm1wCaYUsAAACBAM3/6thhWYi8\n+Usa1R0NGqzSDk6c3dFjMV7AgdPjiHLNGMKqyewm9HIiQkH4klrSuJCtMmJM3hNT\npHBCj7hfQ+DbIYPN+A3A04KuKIFjJlxcABeicESBEa+xCnsbBmgqrbhWRts1ZmCa\nrm3WLB+Ia0/aSsB0ttqCsrX1xkkOvVVxAAAAAAEC\n-----END OPENSSH PRIVATE KEY-----\n",
            "private_key_pem": "-----BEGIN RSA PRIVATE KEY-----\nMIIEpAIBAAKCAQEAwhTSSNwAp+tNbJqeDK7e00DK/fY9zneFtX7l43dDeNXPe8UA\n9tZXTnp7sBMYhvP6KyQJ2bAr3HH9RODW0JQALcy58fWUj/BD3ew91EcicrwwAlof\nErMAYb0EMb1WnLAW81kldd3w7qE7Fb+nadQvi/1DroEgXlMqWBKnGyLAndQdRn6u\nxoiuyuHo2gFUUwGV1CRBCtliX6NznUC+dSX41Bn72bD/ren+BUoT1RZt61Z41rm2\n0/Q9tO3NeWCd7hfTrdh2GHgnVr5rutx/2MbVnwHBT1DYK5TMKx+skYeO3mvJuuOB\nObqo66ecg6XoQb0BG0aVXgKU5wsqnyvJdNHZGwIDAQABAoIBACx1QZBgGSReEd/J\ncV/9ZNymkHlpgVH87hubxIR9Ku8Qp1U2VRi2E8zN4Ox+C1XKqKleOYVsxjdaw0YW\nbQ7dgEb9iTDEbTIlux4ogidQ3jLDKgo347tQVsuM1VuhgCgnbDJ1Xs/ntcusElFS\nlEJ5USTzsJ/WQ3hn+6CuMSpVpSLh8ByO5vo/W+DPYb9Xu47OrFN/feYulrjO26IH\nj+pkIjJlNsn6vJXQCmjkDcUJzNNsnIKBgrNvqqOIDceRjA6PEOdSkLJs4eCTYykD\n1+uJUR8gxP1yp50skdn9kIREtPxvNajcqXsoH0aor9G1peA4Kuy2XwsXHkqY8yOa\nw4oT1rECgYEA8TBXQg2qTKH0IlfEV7KXJSHXK41pGrzUgDE+8nKlsK7/omTA/Q9K\nmazHXgXBjz4kTpPIOnJlS9M18/+WB4zZBbO7GTAVtFq7iNu+1PkQKiF5hcJV1kRx\nCQKu08Mz36aQ64J/109kcwlT/t1ECrO+AdQojlCWm4GcqVgm1wCaYUsCgYEAzf/q\n2GFZiLz5SxrVHQ0arNIOTpzd0WMxXsCB0+OIcs0YwqrJ7Cb0ciJCQfiSWtK4kK0y\nYkzeE1OkcEKPuF9D4Nshg834DcDTgq4ogWMmXFwAF6JwRIERr7EKexsGaCqtuFZG\n2zVmYJqubdYsH4hrT9pKwHS22oKytfXGSQ69VXECgYEAv0GHIDD353bRwl34q1ZK\nNr7EApxLSVGN7O2gLd+t9hJ/UkY1Jzb2ADCbk7pax/0OC2Vy9K38F4mwEgGN9gTB\nn5zrc8jGnVMJvTgL9pReNhp/ZAs7yAJT5EJFYlU7kFFkP+0m9RTW4cX23naVWys3\nM/oKAvhyxXOdSEhH3Fx1D0sCgYAkX6/kDSx2DIgoTtCalJnFMkH8d45jTpSFGpDS\nDTcmrjhVBzsoS6iWDp6Mb4vIJbUZNrvSx6fe2cILYHVoJMojhg3g7BmEtCukw4O7\ndPptDIGnqrMQJYot76DeI+N5uS97gSB5zHALVsS9+DdKShhIvU69tN4krzdHEeK1\nO7kKwQKBgQDnlC3wmC2gxsINBQw1V0pQOybKCeQiv2d0ltBbTlDMQ5dx6+bVEHWO\nef6nLS11kdoRuxj76sy7nnttz/bTDQtiS9TF6OrriLRkeG65Mw3D0QxVll+0noKG\no9tYLmTSUYbjINysiLw9HywhC1YA6U+Z60/Tz/3K0ImyfUiY5RpKSA==\n-----END RSA PRIVATE KEY-----\n",
            "private_key_pem_pkcs8": "-----BEGIN PRIVATE KEY-----\nMIIEvgIBADANBgkqhkiG9w0BAQEFAASCBKgwggSkAgEAAoIBAQDCFNJI3ACn601s\nmp4Mrt7TQMr99j3Od4W1fuXjd0N41c97xQD21ldOenuwExiG8/orJAnZsCvccf1E\n4NbQlAAtzLnx9ZSP8EPd7D3URyJyvDACWh8SswBhvQQxvVacsBbzWSV13fDuoTsV\nv6dp1C+L/UOugSBeUypYEqcbIsCd1B1Gfq7GiK7K4ejaAVRTAZXUJEEK2WJfo3Od\nQL51JfjUGfvZsP+t6f4FShPVFm3rVnjWubbT9D207c15YJ3uF9Ot2HYYeCdWvmu6\n3H/YxtWfAcFPUNgrlMwrH6yRh47ea8m644E5uqjrp5yDpehBvQEbRpVeApTnCyqf\nK8l00dkbAgMBAAECggEALHVBkGAZJF4R38lxX/1k3KaQeWmBUfzuG5vEhH0q7xCn\nVTZVGLYTzM3g7H4LVcqoqV45hWzGN1rDRhZtDt2ARv2JMMRtMiW7HiiCJ1DeMsMq\nCjfju1BWy4zVW6GAKCdsMnVez+e1y6wSUVKUQnlRJPOwn9ZDeGf7oK4xKlWlIuHw\nHI7m+j9b4M9hv1e7js6sU3995i6WuM7bogeP6mQiMmU2yfq8ldAKaOQNxQnM02yc\ngoGCs2+qo4gNx5GMDo8Q51KQsmzh4JNjKQPX64lRHyDE/XKnnSyR2f2QhES0/G81\nqNypeygfRqiv0bWl4Dgq7LZfCxceSpjzI5rDihPWsQKBgQDxMFdCDapMofQiV8RX\nspclIdcrjWkavNSAMT7ycqWwrv+iZMD9D0qZrMdeBcGPPiROk8g6cmVL0zXz/5YH\njNkFs7sZMBW0WruI277U+RAqIXmFwlXWRHEJAq7TwzPfppDrgn/XT2RzCVP+3UQK\ns74B1CiOUJabgZypWCbXAJphSwKBgQDN/+rYYVmIvPlLGtUdDRqs0g5OnN3RYzFe\nwIHT44hyzRjCqsnsJvRyIkJB+JJa0riQrTJiTN4TU6RwQo+4X0Pg2yGDzfgNwNOC\nriiBYyZcXAAXonBEgRGvsQp7GwZoKq24VkbbNWZgmq5t1iwfiGtP2krAdLbagrK1\n9cZJDr1VcQKBgQC/QYcgMPfndtHCXfirVko2vsQCnEtJUY3s7aAt3632En9SRjUn\nNvYAMJuTulrH/Q4LZXL0rfwXibASAY32BMGfnOtzyMadUwm9OAv2lF42Gn9kCzvI\nAlPkQkViVTuQUWQ/7Sb1FNbhxfbedpVbKzcz+goC+HLFc51ISEfcXHUPSwKBgCRf\nr+QNLHYMiChO0JqUmcUyQfx3jmNOlIUakNINNyauOFUHOyhLqJYOnoxvi8gltRk2\nu9LHp97ZwgtgdWgkyiOGDeDsGYS0K6TDg7t0+m0MgaeqsxAlii3voN4j43m5L3uB\nIHnMcAtWxL34N0pKGEi9Tr203iSvN0cR4rU7uQrBAoGBAOeULfCYLaDGwg0FDDVX\nSlA7JsoJ5CK/Z3SW0FtOUMxDl3Hr5tUQdY55/qctLXWR2hG7GPvqzLuee23P9tMN\nC2JL1MXo6uuItGR4brkzDcPRDFWWX7Segoaj21guZNJRhuMg3KyIvD0fLCELVgDp\nT5nrT9PP/crQibJ9SJjlGkpI\n-----END PRIVATE KEY-----\n",
            "public_key_fingerprint_md5": "91:4c:32:ed:5e:14:a3:ff:3b:2a:e3:6d:b5:1c:3a:df",
            "public_key_fingerprint_sha256": "SHA256:B7EBywk+OwuwXrXoDyiXy1Grw5zUiI6pDhnfgIfQfOE",
            "public_key_openssh": "ssh-rsa AAAAB3NzaC1yc2EAAAADAQABAAABAQDCFNJI3ACn601smp4Mrt7TQMr99j3Od4W1fuXjd0N41c97xQD21ldOenuwExiG8/orJAnZsCvccf1E4NbQlAAtzLnx9ZSP8EPd7D3URyJyvDACWh8SswBhvQQxvVacsBbzWSV13fDuoTsVv6dp1C+L/UOugSBeUypYEqcbIsCd1B1Gfq7GiK7K4ejaAVRTAZXUJEEK2WJfo3OdQL51JfjUGfvZsP+t6f4FShPVFm3rVnjWubbT9D207c15YJ3uF9Ot2HYYeCdWvmu63H/YxtWfAcFPUNgrlMwrH6yRh47ea8m644E5uqjrp5yDpehBvQEbRpVeApTnCyqfK8l00dkb\n",
            "public_key_pem": "-----BEGIN PUBLIC KEY-----\nMIIBIjANBgkqhkiG9w0BAQEFAAOCAQ8AMIIBCgKCAQEAwhTSSNwAp+tNbJqeDK7e\n00DK/fY9zneFtX7l43dDeNXPe8UA9tZXTnp7sBMYhvP6KyQJ2bAr3HH9RODW0JQA\nLcy58fWUj/BD3ew91EcicrwwAlofErMAYb0EMb1WnLAW81kldd3w7qE7Fb+nadQv\ni/1DroEgXlMqWBKnGyLAndQdRn6uxoiuyuHo2gFUUwGV1CRBCtliX6NznUC+dSX4\n1Bn72bD/ren+BUoT1RZt61Z41rm20/Q9tO3NeWCd7hfTrdh2GHgnVr5rutx/2MbV\nnwHBT1DYK5TMKx+skYeO3mvJuuOBObqo66ecg6XoQb0BG0aVXgKU5wsqnyvJdNHZ\nGwIDAQAB\n-----END PUBLIC KEY-----\n",
            "rsa_bits": 2048
          },
          "sensitive_attributes": [
            [
              {
                "type": "get_attr",
                "value": "private_key_openssh"
              }
            ],
            [
              {
                "type": "get_attr",
                "value": "private_key_pem"
              }
            ],
            [
              {
                "type": "get_attr",
                "value": "private_key_pem_pkcs8"
              }
            ]
          ],
          "identity_schema_version": 0
        }
      ]
    }
  ],
  "check_results": null
}
