{
  "version": 4,
  "terraform_version": "1.13.3",
  "serial": 437,
  "lineage": "941ab284-5714-a2cb-8f83-34fb926a0f78",
  "outputs": {
    "Terraform_instance_ip": {
      "value": "15.157.72.181",
      "type": "string"
    },
    "public_dns": {
      "value": "",
      "type": "string"
    },
    "public_dns_server_subnet_1": {
      "value": "",
      "type": "string"
    },
    "public_ip": {
      "value": "15.156.60.96",
      "type": "string"
    },
    "public_ip_server_subnet_1": {
      "value": "3.99.141.122",
      "type": "string"
    },
    "public_url": {
      "value": "https://15.157.72.181:8080/index.html",
      "type": "string"
    },
    "vpc_information": {
      "value": "Your demo_environment VPC has an ID of vpc-0a4dc63905013212e",
      "type": "string"
    }
  },
  "resources": [
    {
      "mode": "data",
      "type": "aws_ami",
      "name": "ubuntu_20_04",
      "provider": "provider[\"registry.terraform.io/hashicorp/aws\"]",
      "instances": [
        {
          "schema_version": 0,
          "attributes": {
            "architecture": "x86_64",
            "arn": "arn:aws:ec2:ca-central-1::image/ami-0495a93f1f3b4a562",
            "block_device_mappings": [
              {
                "device_name": "/dev/sda1",
                "ebs": {
                  "delete_on_termination": "true",
                  "encrypted": "false",
                  "iops": "0",
                  "snapshot_id": "snap-0523f774193a3f5a2",
                  "throughput": "0",
                  "volume_initialization_rate": "0",
                  "volume_size": "8",
                  "volume_type": "gp2"
                },
                "no_device": "",
                "virtual_name": ""
              },
              {
                "device_name": "/dev/sdb",
                "ebs": {},
                "no_device": "",
                "virtual_name": "ephemeral0"
              },
              {
                "device_name": "/dev/sdc",
                "ebs": {},
                "no_device": "",
                "virtual_name": "ephemeral1"
              }
            ],
            "boot_mode": "legacy-bios",
            "creation_date": "2025-06-25T05:32:40.000Z",
            "deprecation_time": "2027-06-25T05:32:40.000Z",
            "description": "Canonical, Ubuntu, 20.04, amd64 focal image",
            "ena_support": true,
            "executable_users": null,
            "filter": [
              {
                "name": "name",
                "values": [
                  "ubuntu/images/hvm-ssd/ubuntu-focal-20.04-amd64-server-*"
                ]
              }
            ],
            "hypervisor": "xen",
            "id": "ami-0495a93f1f3b4a562",
            "image_id": "ami-0495a93f1f3b4a562",
            "image_location": "amazon/ubuntu/images/hvm-ssd/ubuntu-focal-20.04-amd64-server-20250624",
            "image_owner_alias": "amazon",
            "image_type": "machine",
            "imds_support": "",
            "include_deprecated": false,
            "kernel_id": "",
            "last_launched_time": "",
            "most_recent": true,
            "name": "ubuntu/images/hvm-ssd/ubuntu-focal-20.04-amd64-server-20250624",
            "name_regex": null,
            "owner_id": "099720109477",
            "owners": [
              "099720109477"
            ],
            "platform": "",
            "platform_details": "Linux/UNIX",
            "product_codes": [],
            "public": true,
            "ramdisk_id": "",
            "root_device_name": "/dev/sda1",
            "root_device_type": "ebs",
            "root_snapshot_id": "snap-0523f774193a3f5a2",
            "sriov_net_support": "simple",
            "state": "available",
            "state_reason": {
              "code": "UNSET",
              "message": "UNSET"
            },
            "tags": {},
            "timeouts": null,
            "tpm_support": "",
            "uefi_data": null,
            "usage_operation": "RunInstances",
            "virtualization_type": "hvm"
          },
          "sensitive_attributes": [],
          "identity_schema_version": 0
        }
      ]
    },
    {
      "mode": "data",
      "type": "aws_availability_zones",
      "name": "available",
      "provider": "provider[\"registry.terraform.io/hashicorp/aws\"]",
      "instances": [
        {
          "schema_version": 0,
          "attributes": {
            "all_availability_zones": null,
            "exclude_names": null,
            "exclude_zone_ids": null,
            "filter": null,
            "group_names": [
              "ca-central-1-zg-1"
            ],
            "id": "ca-central-1",
            "names": [
              "ca-central-1a",
              "ca-central-1b",
              "ca-central-1d"
            ],
            "state": null,
            "timeouts": null,
            "zone_ids": [
              "cac1-az1",
              "cac1-az2",
              "cac1-az4"
            ]
          },
          "sensitive_attributes": [],
          "identity_schema_version": 0
        }
      ]
    },
    {
      "mode": "data",
      "type": "aws_region",
      "name": "current",
      "provider": "provider[\"registry.terraform.io/hashicorp/aws\"]",
      "instances": [
        {
          "schema_version": 0,
          "attributes": {
            "description": "Canada (Central)",
            "endpoint": "ec2.ca-central-1.amazonaws.com",
            "id": "ca-central-1",
            "name": "ca-central-1"
          },
          "sensitive_attributes": [],
          "identity_schema_version": 0
        }
      ]
    },
    {
      "mode": "managed",
      "type": "aws_eip",
      "name": "nat_gateway_eip",
      "provider": "provider[\"registry.terraform.io/hashicorp/aws\"]",
      "instances": [
        {
          "schema_version": 0,
          "attributes": {
            "address": null,
            "allocation_id": "eipalloc-041595125d2a36793",
            "arn": "arn:aws:ec2:ca-central-1:339712998572:elastic-ip/eipalloc-041595125d2a36793",
            "associate_with_private_ip": null,
            "association_id": "eipassoc-01bdb57f652c55f30",
            "carrier_ip": "",
            "customer_owned_ip": "",
            "customer_owned_ipv4_pool": "",
            "domain": "vpc",
            "id": "eipalloc-041595125d2a36793",
            "instance": "",
            "ipam_pool_id": null,
            "network_border_group": "ca-central-1",
            "network_interface": "eni-011fed7f715ca2ca1",
            "private_dns": "ip-10-0-101-172.ca-central-1.compute.internal",
            "private_ip": "10.0.101.172",
            "ptr_record": "",
            "public_dns": "ec2-16-52-202-202.ca-central-1.compute.amazonaws.com",
            "public_ip": "16.52.202.202",
            "public_ipv4_pool": "amazon",
            "tags": {
              "Name": "demo_igw_eip"
            },
            "tags_all": {
              "Environment": "default",
              "Name": "demo_igw_eip"
            },
            "timeouts": null,
            "vpc": true
          },
          "sensitive_attributes": [],
          "identity_schema_version": 0,
          "private": "eyJlMmJmYjczMC1lY2FhLTExZTYtOGY4OC0zNDM2M2JjN2M0YzAiOnsiZGVsZXRlIjoxODAwMDAwMDAwMDAsInJlYWQiOjkwMDAwMDAwMDAwMCwidXBkYXRlIjozMDAwMDAwMDAwMDB9fQ==",
          "dependencies": [
            "aws_internet_gateway.internet_gateway",
            "aws_vpc.vpc",
            "data.aws_region.current"
          ]
        }
      ]
    },
    {
      "mode": "managed",
      "type": "aws_instance",
      "name": "Terraform_instance",
      "provider": "provider[\"registry.terraform.io/hashicorp/aws\"]",
      "instances": [
        {
          "schema_version": 1,
          "attributes": {
            "ami": "ami-0495a93f1f3b4a562",
            "arn": "arn:aws:ec2:ca-central-1:339712998572:instance/i-0122618d643e8f4c4",
            "associate_public_ip_address": true,
            "availability_zone": "ca-central-1a",
            "capacity_reservation_specification": [
              {
                "capacity_reservation_preference": "open",
                "capacity_reservation_target": []
              }
            ],
            "cpu_core_count": 1,
            "cpu_options": [
              {
                "amd_sev_snp": "",
                "core_count": 1,
                "threads_per_core": 2
              }
            ],
            "cpu_threads_per_core": 2,
            "credit_specification": [
              {
                "cpu_credits": "unlimited"
              }
            ],
            "disable_api_stop": false,
            "disable_api_termination": false,
            "ebs_block_device": [],
            "ebs_optimized": false,
            "enable_primary_ipv6": null,
            "enclave_options": [
              {
                "enabled": false
              }
            ],
            "ephemeral_block_device": [],
            "get_password_data": false,
            "hibernation": false,
            "host_id": "",
            "host_resource_group_arn": null,
            "iam_instance_profile": "",
            "id": "i-0122618d643e8f4c4",
            "instance_initiated_shutdown_behavior": "stop",
            "instance_lifecycle": "",
            "instance_market_options": [],
            "instance_state": "running",
            "instance_type": "t3.micro",
            "ipv6_address_count": 0,
            "ipv6_addresses": [],
            "key_name": "MyTerraformInstanceKey",
            "launch_template": [],
            "maintenance_options": [
              {
                "auto_recovery": "default"
              }
            ],
            "metadata_options": [
              {
                "http_endpoint": "enabled",
                "http_protocol_ipv6": "disabled",
                "http_put_response_hop_limit": 1,
                "http_tokens": "optional",
                "instance_metadata_tags": "disabled"
              }
            ],
            "monitoring": false,
            "network_interface": [],
            "outpost_arn": "",
            "password_data": "",
            "placement_group": "",
            "placement_partition_number": 0,
            "primary_network_interface_id": "eni-0e8cb7a1dc81915c7",
            "private_dns": "ip-10-0-101-92.ca-central-1.compute.internal",
            "private_dns_name_options": [
              {
                "enable_resource_name_dns_a_record": false,
                "enable_resource_name_dns_aaaa_record": false,
                "hostname_type": "ip-name"
              }
            ],
            "private_ip": "10.0.101.92",
            "public_dns": "",
            "public_ip": "15.157.72.181",
            "root_block_device": [
              {
                "delete_on_termination": true,
                "device_name": "/dev/sda1",
                "encrypted": false,
                "iops": 100,
                "kms_key_id": "",
                "tags": {
                  "Environment": "default"
                },
                "tags_all": {
                  "Environment": "default"
                },
                "throughput": 0,
                "volume_id": "vol-094fe739e57c1ca83",
                "volume_size": 8,
                "volume_type": "gp2"
              }
            ],
            "secondary_private_ips": [],
            "security_groups": [
              "sg-0256e25782931d399",
              "sg-03e9beccf87d5739f",
              "sg-0bb3a0b418b0b6319",
              "sg-0dcec9fa4950fc77a"
            ],
            "source_dest_check": true,
            "spot_instance_request_id": "",
            "subnet_id": "subnet-05b251fabd207de7f",
            "tags": {
              "App": "corp_api",
              "Name": "ec2-dev-api-ca-central-1a",
              "Owner": "api_mgmt_dev"
            },
            "tags_all": {
              "App": "corp_api",
              "Environment": "default",
              "Name": "ec2-dev-api-ca-central-1a",
              "Owner": "api_mgmt_dev"
            },
            "tenancy": "default",
            "timeouts": null,
            "user_data": null,
            "user_data_base64": null,
            "user_data_replace_on_change": false,
            "volume_tags": null,
            "vpc_security_group_ids": [
              "sg-0256e25782931d399",
              "sg-03e9beccf87d5739f",
              "sg-0bb3a0b418b0b6319",
              "sg-0dcec9fa4950fc77a"
            ]
          },
          "sensitive_attributes": [],
          "identity_schema_version": 0,
          "private": "eyJlMmJmYjczMC1lY2FhLTExZTYtOGY4OC0zNDM2M2JjN2M0YzAiOnsiY3JlYXRlIjo2MDAwMDAwMDAwMDAsImRlbGV0ZSI6MTIwMDAwMDAwMDAwMCwicmVhZCI6OTAwMDAwMDAwMDAwLCJ1cGRhdGUiOjYwMDAwMDAwMDAwMH0sInNjaGVtYV92ZXJzaW9uIjoiMSJ9",
          "dependencies": [
            "aws_key_pair.generated",
            "aws_security_group.ingress-ssh",
            "aws_security_group.my-security-group",
            "aws_security_group.vpc-ping",
            "aws_security_group.vpc-web",
            "aws_subnet.public_subnets",
            "aws_vpc.vpc",
            "data.aws_ami.ubuntu_20_04",
            "data.aws_availability_zones.available",
            "data.aws_region.current",
            "local_file.private_key_pem",
            "tls_private_key.generated"
          ]
        }
      ]
    },
    {
      "mode": "managed",
      "type": "aws_internet_gateway",
      "name": "internet_gateway",
      "provider": "provider[\"registry.terraform.io/hashicorp/aws\"]",
      "instances": [
        {
          "schema_version": 0,
          "attributes": {
            "arn": "arn:aws:ec2:ca-central-1:339712998572:internet-gateway/igw-00c6160b92088c3aa",
            "id": "igw-00c6160b92088c3aa",
            "owner_id": "339712998572",
            "tags": {
              "Name": "demo_igw"
            },
            "tags_all": {
              "Environment": "default",
              "Name": "demo_igw"
            },
            "timeouts": null,
            "vpc_id": "vpc-0a4dc63905013212e"
          },
          "sensitive_attributes": [],
          "identity_schema_version": 0,
          "private": "eyJlMmJmYjczMC1lY2FhLTExZTYtOGY4OC0zNDM2M2JjN2M0YzAiOnsiY3JlYXRlIjoxMjAwMDAwMDAwMDAwLCJkZWxldGUiOjEyMDAwMDAwMDAwMDAsInVwZGF0ZSI6MTIwMDAwMDAwMDAwMH19",
          "dependencies": [
            "aws_vpc.vpc",
            "data.aws_region.current"
          ]
        }
      ]
    },
    {
      "mode": "managed",
      "type": "aws_key_pair",
      "name": "generated",
      "provider": "provider[\"registry.terraform.io/hashicorp/aws\"]",
      "instances": [
        {
          "schema_version": 1,
          "attributes": {
            "arn": "arn:aws:ec2:ca-central-1:339712998572:key-pair/MyTerraformInstanceKey",
            "fingerprint": "4f:f8:08:ab:ce:c9:77:47:7c:2f:cd:94:cc:04:eb:c8",
            "id": "MyTerraformInstanceKey",
            "key_name": "MyTerraformInstanceKey",
            "key_name_prefix": "",
            "key_pair_id": "key-0a471fd00dc9cd6dc",
            "key_type": "rsa",
            "public_key": "ssh-rsa AAAAB3NzaC1yc2EAAAADAQABAAABAQC3UHQtsaEK2Je8q2qjmMR2FFsd4eZk5Lc02Gu+gVizBPcmevirUEjIUs4rMdDef+44WvM7Q0ggz7Vd9WevJeTr3OAdRE4Bd/ryIW39qWiQ1VmaJiYV0bgmFinosXfxbbO3cmdb4ImorpHvKmWemYqwWEPZqcWwM0mV6Q0ulUQdsBppPfMP3KMfG0od0/nJ/o7qkwDViEvd8PL6vkNK6SEsTjAoBuBzD9kEP/B16kDO3DbCpyxd+i0QWLeMTE1emiQTJRiPwgPRkXw/C5nueyr+yOd70bARv92tepfdLK1gX5+7bDLRVm+r/zYs2Dv6is8T8vMFMfkX2gKF/CWIX8tz",
            "tags": {},
            "tags_all": {
              "Environment": "default"
            }
          },
          "sensitive_attributes": [],
          "identity_schema_version": 0,
          "private": "eyJzY2hlbWFfdmVyc2lvbiI6IjEifQ==",
          "dependencies": [
            "tls_private_key.generated"
          ]
        }
      ]
    },
    {
      "mode": "managed",
      "type": "aws_nat_gateway",
      "name": "nat_gateway",
      "provider": "provider[\"registry.terraform.io/hashicorp/aws\"]",
      "instances": [
        {
          "schema_version": 0,
          "attributes": {
            "allocation_id": "eipalloc-041595125d2a36793",
            "association_id": "eipassoc-01bdb57f652c55f30",
            "connectivity_type": "public",
            "id": "nat-0ef396a93df8faf4c",
            "network_interface_id": "eni-011fed7f715ca2ca1",
            "private_ip": "10.0.101.172",
            "public_ip": "16.52.202.202",
            "secondary_allocation_ids": [],
            "secondary_private_ip_address_count": 0,
            "secondary_private_ip_addresses": [],
            "subnet_id": "subnet-05b251fabd207de7f",
            "tags": {
              "Name": "demo_nat_gateway"
            },
            "tags_all": {
              "Environment": "default",
              "Name": "demo_nat_gateway"
            },
            "timeouts": null
          },
          "sensitive_attributes": [],
          "identity_schema_version": 0,
          "private": "eyJlMmJmYjczMC1lY2FhLTExZTYtOGY4OC0zNDM2M2JjN2M0YzAiOnsiY3JlYXRlIjo2MDAwMDAwMDAwMDAsImRlbGV0ZSI6MTgwMDAwMDAwMDAwMCwidXBkYXRlIjo2MDAwMDAwMDAwMDB9fQ==",
          "dependencies": [
            "aws_eip.nat_gateway_eip",
            "aws_internet_gateway.internet_gateway",
            "aws_subnet.public_subnets",
            "aws_vpc.vpc",
            "data.aws_availability_zones.available",
            "data.aws_region.current"
          ]
        }
      ]
    },
    {
      "mode": "managed",
      "type": "aws_route_table",
      "name": "private_route_table",
      "provider": "provider[\"registry.terraform.io/hashicorp/aws\"]",
      "instances": [
        {
          "schema_version": 0,
          "attributes": {
            "arn": "arn:aws:ec2:ca-central-1:339712998572:route-table/rtb-04ef0d9f02b80c1a6",
            "id": "rtb-04ef0d9f02b80c1a6",
            "owner_id": "339712998572",
            "propagating_vgws": [],
            "route": [
              {
                "carrier_gateway_id": "",
                "cidr_block": "0.0.0.0/0",
                "core_network_arn": "",
                "destination_prefix_list_id": "",
                "egress_only_gateway_id": "",
                "gateway_id": "",
                "ipv6_cidr_block": "",
                "local_gateway_id": "",
                "nat_gateway_id": "nat-0ef396a93df8faf4c",
                "network_interface_id": "",
                "transit_gateway_id": "",
                "vpc_endpoint_id": "",
                "vpc_peering_connection_id": ""
              }
            ],
            "tags": {
              "Name": "demo_private_rtb",
              "Terraform": "true"
            },
            "tags_all": {
              "Environment": "default",
              "Name": "demo_private_rtb",
              "Terraform": "true"
            },
            "timeouts": null,
            "vpc_id": "vpc-0a4dc63905013212e"
          },
          "sensitive_attributes": [],
          "identity_schema_version": 0,
          "private": "eyJlMmJmYjczMC1lY2FhLTExZTYtOGY4OC0zNDM2M2JjN2M0YzAiOnsiY3JlYXRlIjozMDAwMDAwMDAwMDAsImRlbGV0ZSI6MzAwMDAwMDAwMDAwLCJ1cGRhdGUiOjEyMDAwMDAwMDAwMH19",
          "dependencies": [
            "aws_eip.nat_gateway_eip",
            "aws_internet_gateway.internet_gateway",
            "aws_nat_gateway.nat_gateway",
            "aws_subnet.public_subnets",
            "aws_vpc.vpc",
            "data.aws_availability_zones.available",
            "data.aws_region.current"
          ]
        }
      ]
    },
    {
      "mode": "managed",
      "type": "aws_route_table",
      "name": "public_route_table",
      "provider": "provider[\"registry.terraform.io/hashicorp/aws\"]",
      "instances": [
        {
          "schema_version": 0,
          "attributes": {
            "arn": "arn:aws:ec2:ca-central-1:339712998572:route-table/rtb-02db0903f4017e955",
            "id": "rtb-02db0903f4017e955",
            "owner_id": "339712998572",
            "propagating_vgws": [],
            "route": [
              {
                "carrier_gateway_id": "",
                "cidr_block": "0.0.0.0/0",
                "core_network_arn": "",
                "destination_prefix_list_id": "",
                "egress_only_gateway_id": "",
                "gateway_id": "igw-00c6160b92088c3aa",
                "ipv6_cidr_block": "",
                "local_gateway_id": "",
                "nat_gateway_id": "",
                "network_interface_id": "",
                "transit_gateway_id": "",
                "vpc_endpoint_id": "",
                "vpc_peering_connection_id": ""
              }
            ],
            "tags": {
              "Name": "demo_public_rtb",
              "Terraform": "true"
            },
            "tags_all": {
              "Environment": "default",
              "Name": "demo_public_rtb",
              "Terraform": "true"
            },
            "timeouts": null,
            "vpc_id": "vpc-0a4dc63905013212e"
          },
          "sensitive_attributes": [],
          "identity_schema_version": 0,
          "private": "eyJlMmJmYjczMC1lY2FhLTExZTYtOGY4OC0zNDM2M2JjN2M0YzAiOnsiY3JlYXRlIjozMDAwMDAwMDAwMDAsImRlbGV0ZSI6MzAwMDAwMDAwMDAwLCJ1cGRhdGUiOjEyMDAwMDAwMDAwMH19",
          "dependencies": [
            "aws_internet_gateway.internet_gateway",
            "aws_vpc.vpc",
            "data.aws_region.current"
          ]
        }
      ]
    },
    {
      "mode": "managed",
      "type": "aws_route_table_association",
      "name": "private",
      "provider": "provider[\"registry.terraform.io/hashicorp/aws\"]",
      "instances": [
        {
          "index_key": "private_subnet_1",
          "schema_version": 0,
          "attributes": {
            "gateway_id": "",
            "id": "rtbassoc-08f2bdae2b7ea4456",
            "route_table_id": "rtb-04ef0d9f02b80c1a6",
            "subnet_id": "subnet-085d427093aa71523",
            "timeouts": null
          },
          "sensitive_attributes": [],
          "identity_schema_version": 0,
          "private": "eyJlMmJmYjczMC1lY2FhLTExZTYtOGY4OC0zNDM2M2JjN2M0YzAiOnsiY3JlYXRlIjozMDAwMDAwMDAwMDAsImRlbGV0ZSI6MzAwMDAwMDAwMDAwLCJ1cGRhdGUiOjEyMDAwMDAwMDAwMH19",
          "dependencies": [
            "aws_eip.nat_gateway_eip",
            "aws_internet_gateway.internet_gateway",
            "aws_nat_gateway.nat_gateway",
            "aws_route_table.private_route_table",
            "aws_subnet.private_subnets",
            "aws_subnet.public_subnets",
            "aws_vpc.vpc",
            "data.aws_availability_zones.available",
            "data.aws_region.current"
          ]
        },
        {
          "index_key": "private_subnet_2",
          "schema_version": 0,
          "attributes": {
            "gateway_id": "",
            "id": "rtbassoc-0fe90bb20bece2a5e",
            "route_table_id": "rtb-04ef0d9f02b80c1a6",
            "subnet_id": "subnet-0344f8f8fd9a861da",
            "timeouts": null
          },
          "sensitive_attributes": [],
          "identity_schema_version": 0,
          "private": "eyJlMmJmYjczMC1lY2FhLTExZTYtOGY4OC0zNDM2M2JjN2M0YzAiOnsiY3JlYXRlIjozMDAwMDAwMDAwMDAsImRlbGV0ZSI6MzAwMDAwMDAwMDAwLCJ1cGRhdGUiOjEyMDAwMDAwMDAwMH19",
          "dependencies": [
            "aws_eip.nat_gateway_eip",
            "aws_internet_gateway.internet_gateway",
            "aws_nat_gateway.nat_gateway",
            "aws_route_table.private_route_table",
            "aws_subnet.private_subnets",
            "aws_subnet.public_subnets",
            "aws_vpc.vpc",
            "data.aws_availability_zones.available",
            "data.aws_region.current"
          ]
        },
        {
          "index_key": "private_subnet_3",
          "schema_version": 0,
          "attributes": {
            "gateway_id": "",
            "id": "rtbassoc-056401c9fb6fa3636",
            "route_table_id": "rtb-04ef0d9f02b80c1a6",
            "subnet_id": "subnet-0d041e8b4779a7ea6",
            "timeouts": null
          },
          "sensitive_attributes": [],
          "identity_schema_version": 0,
          "private": "eyJlMmJmYjczMC1lY2FhLTExZTYtOGY4OC0zNDM2M2JjN2M0YzAiOnsiY3JlYXRlIjozMDAwMDAwMDAwMDAsImRlbGV0ZSI6MzAwMDAwMDAwMDAwLCJ1cGRhdGUiOjEyMDAwMDAwMDAwMH19",
          "dependencies": [
            "aws_eip.nat_gateway_eip",
            "aws_internet_gateway.internet_gateway",
            "aws_nat_gateway.nat_gateway",
            "aws_route_table.private_route_table",
            "aws_subnet.private_subnets",
            "aws_subnet.public_subnets",
            "aws_vpc.vpc",
            "data.aws_availability_zones.available",
            "data.aws_region.current"
          ]
        }
      ]
    },
    {
      "mode": "managed",
      "type": "aws_route_table_association",
      "name": "public",
      "provider": "provider[\"registry.terraform.io/hashicorp/aws\"]",
      "instances": [
        {
          "index_key": "public_subnet_1",
          "schema_version": 0,
          "attributes": {
            "gateway_id": "",
            "id": "rtbassoc-09ee252f8c0075d10",
            "route_table_id": "rtb-02db0903f4017e955",
            "subnet_id": "subnet-05b251fabd207de7f",
            "timeouts": null
          },
          "sensitive_attributes": [],
          "identity_schema_version": 0,
          "private": "eyJlMmJmYjczMC1lY2FhLTExZTYtOGY4OC0zNDM2M2JjN2M0YzAiOnsiY3JlYXRlIjozMDAwMDAwMDAwMDAsImRlbGV0ZSI6MzAwMDAwMDAwMDAwLCJ1cGRhdGUiOjEyMDAwMDAwMDAwMH19",
          "dependencies": [
            "aws_internet_gateway.internet_gateway",
            "aws_route_table.public_route_table",
            "aws_subnet.public_subnets",
            "aws_vpc.vpc",
            "data.aws_availability_zones.available",
            "data.aws_region.current"
          ]
        },
        {
          "index_key": "public_subnet_2",
          "schema_version": 0,
          "attributes": {
            "gateway_id": "",
            "id": "rtbassoc-0e1cac2fc0c0dbdef",
            "route_table_id": "rtb-02db0903f4017e955",
            "subnet_id": "subnet-0f27988898b196376",
            "timeouts": null
          },
          "sensitive_attributes": [],
          "identity_schema_version": 0,
          "private": "eyJlMmJmYjczMC1lY2FhLTExZTYtOGY4OC0zNDM2M2JjN2M0YzAiOnsiY3JlYXRlIjozMDAwMDAwMDAwMDAsImRlbGV0ZSI6MzAwMDAwMDAwMDAwLCJ1cGRhdGUiOjEyMDAwMDAwMDAwMH19",
          "dependencies": [
            "aws_internet_gateway.internet_gateway",
            "aws_route_table.public_route_table",
            "aws_subnet.public_subnets",
            "aws_vpc.vpc",
            "data.aws_availability_zones.available",
            "data.aws_region.current"
          ]
        },
        {
          "index_key": "public_subnet_3",
          "schema_version": 0,
          "attributes": {
            "gateway_id": "",
            "id": "rtbassoc-0addcd0beaea6421b",
            "route_table_id": "rtb-02db0903f4017e955",
            "subnet_id": "subnet-0ade463a662f970fe",
            "timeouts": null
          },
          "sensitive_attributes": [],
          "identity_schema_version": 0,
          "private": "eyJlMmJmYjczMC1lY2FhLTExZTYtOGY4OC0zNDM2M2JjN2M0YzAiOnsiY3JlYXRlIjozMDAwMDAwMDAwMDAsImRlbGV0ZSI6MzAwMDAwMDAwMDAwLCJ1cGRhdGUiOjEyMDAwMDAwMDAwMH19",
          "dependencies": [
            "aws_internet_gateway.internet_gateway",
            "aws_route_table.public_route_table",
            "aws_subnet.public_subnets",
            "aws_vpc.vpc",
            "data.aws_availability_zones.available",
            "data.aws_region.current"
          ]
        }
      ]
    },
    {
      "mode": "managed",
      "type": "aws_security_group",
      "name": "ingress-ssh",
      "provider": "provider[\"registry.terraform.io/hashicorp/aws\"]",
      "instances": [
        {
          "schema_version": 1,
          "attributes": {
            "arn": "arn:aws:ec2:ca-central-1:339712998572:security-group/sg-0dcec9fa4950fc77a",
            "description": "Managed by Terraform",
            "egress": [
              {
                "cidr_blocks": [
                  "0.0.0.0/0"
                ],
                "description": "",
                "from_port": 0,
                "ipv6_cidr_blocks": [],
                "prefix_list_ids": [],
                "protocol": "-1",
                "security_groups": [],
                "self": false,
                "to_port": 0
              }
            ],
            "id": "sg-0dcec9fa4950fc77a",
            "ingress": [
              {
                "cidr_blocks": [
                  "0.0.0.0/0"
                ],
                "description": "",
                "from_port": 22,
                "ipv6_cidr_blocks": [],
                "prefix_list_ids": [],
                "protocol": "tcp",
                "security_groups": [],
                "self": false,
                "to_port": 22
              }
            ],
            "name": "allow-all-ssh",
            "name_prefix": "",
            "owner_id": "339712998572",
            "revoke_rules_on_delete": false,
            "tags": {},
            "tags_all": {
              "Environment": "default"
            },
            "timeouts": null,
            "vpc_id": "vpc-0a4dc63905013212e"
          },
          "sensitive_attributes": [],
          "identity_schema_version": 0,
          "private": "eyJlMmJmYjczMC1lY2FhLTExZTYtOGY4OC0zNDM2M2JjN2M0YzAiOnsiY3JlYXRlIjo2MDAwMDAwMDAwMDAsImRlbGV0ZSI6OTAwMDAwMDAwMDAwfSwic2NoZW1hX3ZlcnNpb24iOiIxIn0=",
          "dependencies": [
            "aws_vpc.vpc",
            "data.aws_region.current"
          ]
        }
      ]
    },
    {
      "mode": "managed",
      "type": "aws_security_group",
      "name": "my-security-group",
      "provider": "provider[\"registry.terraform.io/hashicorp/aws\"]",
      "instances": [
        {
          "schema_version": 1,
          "attributes": {
            "arn": "arn:aws:ec2:ca-central-1:339712998572:security-group/sg-0256e25782931d399",
            "description": "Allow inbound traffic on tcp/443",
            "egress": [],
            "id": "sg-0256e25782931d399",
            "ingress": [
              {
                "cidr_blocks": [
                  "0.0.0.0/0"
                ],
                "description": "Allow 443 from the Internet",
                "from_port": 443,
                "ipv6_cidr_blocks": [],
                "prefix_list_ids": [],
                "protocol": "tcp",
                "security_groups": [],
                "self": false,
                "to_port": 443
              }
            ],
            "name": "web_server_inbound",
            "name_prefix": "",
            "owner_id": "339712998572",
            "revoke_rules_on_delete": false,
            "tags": {
              "Name": "web_server_inbound",
              "Purpose": "Intro to Resource Blocks Lab"
            },
            "tags_all": {
              "Environment": "default",
              "Name": "web_server_inbound",
              "Purpose": "Intro to Resource Blocks Lab"
            },
            "timeouts": null,
            "vpc_id": "vpc-0a4dc63905013212e"
          },
          "sensitive_attributes": [],
          "identity_schema_version": 0,
          "private": "eyJlMmJmYjczMC1lY2FhLTExZTYtOGY4OC0zNDM2M2JjN2M0YzAiOnsiY3JlYXRlIjo2MDAwMDAwMDAwMDAsImRlbGV0ZSI6OTAwMDAwMDAwMDAwfSwic2NoZW1hX3ZlcnNpb24iOiIxIn0=",
          "dependencies": [
            "aws_vpc.vpc",
            "data.aws_region.current"
          ]
        }
      ]
    },
    {
      "mode": "managed",
      "type": "aws_security_group",
      "name": "vpc-ping",
      "provider": "provider[\"registry.terraform.io/hashicorp/aws\"]",
      "instances": [
        {
          "schema_version": 1,
          "attributes": {
            "arn": "arn:aws:ec2:ca-central-1:339712998572:security-group/sg-03e9beccf87d5739f",
            "description": "ICMP for Ping Access",
            "egress": [
              {
                "cidr_blocks": [
                  "0.0.0.0/0"
                ],
                "description": "Allow all ip and ports outbound",
                "from_port": 0,
                "ipv6_cidr_blocks": [],
                "prefix_list_ids": [],
                "protocol": "-1",
                "security_groups": [],
                "self": false,
                "to_port": 0
              }
            ],
            "id": "sg-03e9beccf87d5739f",
            "ingress": [
              {
                "cidr_blocks": [
                  "0.0.0.0/0"
                ],
                "description": "Allow ICMP Traffic",
                "from_port": -1,
                "ipv6_cidr_blocks": [],
                "prefix_list_ids": [],
                "protocol": "icmp",
                "security_groups": [],
                "self": false,
                "to_port": -1
              }
            ],
            "name": "vpc-ping",
            "name_prefix": "",
            "owner_id": "339712998572",
            "revoke_rules_on_delete": false,
            "tags": {},
            "tags_all": {
              "Environment": "default"
            },
            "timeouts": null,
            "vpc_id": "vpc-0a4dc63905013212e"
          },
          "sensitive_attributes": [],
          "identity_schema_version": 0,
          "private": "eyJlMmJmYjczMC1lY2FhLTExZTYtOGY4OC0zNDM2M2JjN2M0YzAiOnsiY3JlYXRlIjo2MDAwMDAwMDAwMDAsImRlbGV0ZSI6OTAwMDAwMDAwMDAwfSwic2NoZW1hX3ZlcnNpb24iOiIxIn0=",
          "dependencies": [
            "aws_vpc.vpc",
            "data.aws_region.current"
          ]
        }
      ]
    },
    {
      "mode": "managed",
      "type": "aws_security_group",
      "name": "vpc-web",
      "provider": "provider[\"registry.terraform.io/hashicorp/aws\"]",
      "instances": [
        {
          "schema_version": 1,
          "attributes": {
            "arn": "arn:aws:ec2:ca-central-1:339712998572:security-group/sg-0bb3a0b418b0b6319",
            "description": "Web Traffic",
            "egress": [
              {
                "cidr_blocks": [
                  "0.0.0.0/0"
                ],
                "description": "Allow all ip and ports outbound",
                "from_port": 0,
                "ipv6_cidr_blocks": [],
                "prefix_list_ids": [],
                "protocol": "-1",
                "security_groups": [],
                "self": false,
                "to_port": 0
              }
            ],
            "id": "sg-0bb3a0b418b0b6319",
            "ingress": [
              {
                "cidr_blocks": [
                  "0.0.0.0/0"
                ],
                "description": "Allow Port 443",
                "from_port": 443,
                "ipv6_cidr_blocks": [],
                "prefix_list_ids": [],
                "protocol": "tcp",
                "security_groups": [],
                "self": false,
                "to_port": 443
              },
              {
                "cidr_blocks": [
                  "0.0.0.0/0"
                ],
                "description": "Allow Port 80",
                "from_port": 80,
                "ipv6_cidr_blocks": [],
                "prefix_list_ids": [],
                "protocol": "tcp",
                "security_groups": [],
                "self": false,
                "to_port": 80
              }
            ],
            "name": "vpc-web-default",
            "name_prefix": "",
            "owner_id": "339712998572",
            "revoke_rules_on_delete": false,
            "tags": {},
            "tags_all": {
              "Environment": "default"
            },
            "timeouts": null,
            "vpc_id": "vpc-0a4dc63905013212e"
          },
          "sensitive_attributes": [],
          "identity_schema_version": 0,
          "private": "eyJlMmJmYjczMC1lY2FhLTExZTYtOGY4OC0zNDM2M2JjN2M0YzAiOnsiY3JlYXRlIjo2MDAwMDAwMDAwMDAsImRlbGV0ZSI6OTAwMDAwMDAwMDAwfSwic2NoZW1hX3ZlcnNpb24iOiIxIn0=",
          "dependencies": [
            "aws_vpc.vpc",
            "data.aws_region.current"
          ]
        }
      ]
    },
    {
      "mode": "managed",
      "type": "aws_subnet",
      "name": "private_subnets",
      "provider": "provider[\"registry.terraform.io/hashicorp/aws\"]",
      "instances": [
        {
          "index_key": "private_subnet_1",
          "schema_version": 1,
          "attributes": {
            "arn": "arn:aws:ec2:ca-central-1:339712998572:subnet/subnet-085d427093aa71523",
            "assign_ipv6_address_on_creation": false,
            "availability_zone": "ca-central-1a",
            "availability_zone_id": "cac1-az1",
            "cidr_block": "10.0.1.0/24",
            "customer_owned_ipv4_pool": "",
            "enable_dns64": false,
            "enable_lni_at_device_index": 0,
            "enable_resource_name_dns_a_record_on_launch": false,
            "enable_resource_name_dns_aaaa_record_on_launch": false,
            "id": "subnet-085d427093aa71523",
            "ipv6_cidr_block": "",
            "ipv6_cidr_block_association_id": "",
            "ipv6_native": false,
            "map_customer_owned_ip_on_launch": false,
            "map_public_ip_on_launch": false,
            "outpost_arn": "",
            "owner_id": "339712998572",
            "private_dns_hostname_type_on_launch": "ip-name",
            "tags": {
              "Name": "private_subnet_1",
              "Terraform": "true"
            },
            "tags_all": {
              "Environment": "default",
              "Name": "private_subnet_1",
              "Terraform": "true"
            },
            "timeouts": null,
            "vpc_id": "vpc-0a4dc63905013212e"
          },
          "sensitive_attributes": [],
          "identity_schema_version": 0,
          "private": "eyJlMmJmYjczMC1lY2FhLTExZTYtOGY4OC0zNDM2M2JjN2M0YzAiOnsiY3JlYXRlIjo2MDAwMDAwMDAwMDAsImRlbGV0ZSI6MTIwMDAwMDAwMDAwMH0sInNjaGVtYV92ZXJzaW9uIjoiMSJ9",
          "dependencies": [
            "aws_vpc.vpc",
            "data.aws_availability_zones.available",
            "data.aws_region.current"
          ],
          "create_before_destroy": true
        },
        {
          "index_key": "private_subnet_2",
          "schema_version": 1,
          "attributes": {
            "arn": "arn:aws:ec2:ca-central-1:339712998572:subnet/subnet-0344f8f8fd9a861da",
            "assign_ipv6_address_on_creation": false,
            "availability_zone": "ca-central-1b",
            "availability_zone_id": "cac1-az2",
            "cidr_block": "10.0.2.0/24",
            "customer_owned_ipv4_pool": "",
            "enable_dns64": false,
            "enable_lni_at_device_index": 0,
            "enable_resource_name_dns_a_record_on_launch": false,
            "enable_resource_name_dns_aaaa_record_on_launch": false,
            "id": "subnet-0344f8f8fd9a861da",
            "ipv6_cidr_block": "",
            "ipv6_cidr_block_association_id": "",
            "ipv6_native": false,
            "map_customer_owned_ip_on_launch": false,
            "map_public_ip_on_launch": false,
            "outpost_arn": "",
            "owner_id": "339712998572",
            "private_dns_hostname_type_on_launch": "ip-name",
            "tags": {
              "Name": "private_subnet_2",
              "Terraform": "true"
            },
            "tags_all": {
              "Environment": "default",
              "Name": "private_subnet_2",
              "Terraform": "true"
            },
            "timeouts": null,
            "vpc_id": "vpc-0a4dc63905013212e"
          },
          "sensitive_attributes": [],
          "identity_schema_version": 0,
          "private": "eyJlMmJmYjczMC1lY2FhLTExZTYtOGY4OC0zNDM2M2JjN2M0YzAiOnsiY3JlYXRlIjo2MDAwMDAwMDAwMDAsImRlbGV0ZSI6MTIwMDAwMDAwMDAwMH0sInNjaGVtYV92ZXJzaW9uIjoiMSJ9",
          "dependencies": [
            "aws_vpc.vpc",
            "data.aws_availability_zones.available",
            "data.aws_region.current"
          ],
          "create_before_destroy": true
        },
        {
          "index_key": "private_subnet_3",
          "schema_version": 1,
          "attributes": {
            "arn": "arn:aws:ec2:ca-central-1:339712998572:subnet/subnet-0d041e8b4779a7ea6",
            "assign_ipv6_address_on_creation": false,
            "availability_zone": "ca-central-1d",
            "availability_zone_id": "cac1-az4",
            "cidr_block": "10.0.3.0/24",
            "customer_owned_ipv4_pool": "",
            "enable_dns64": false,
            "enable_lni_at_device_index": 0,
            "enable_resource_name_dns_a_record_on_launch": false,
            "enable_resource_name_dns_aaaa_record_on_launch": false,
            "id": "subnet-0d041e8b4779a7ea6",
            "ipv6_cidr_block": "",
            "ipv6_cidr_block_association_id": "",
            "ipv6_native": false,
            "map_customer_owned_ip_on_launch": false,
            "map_public_ip_on_launch": false,
            "outpost_arn": "",
            "owner_id": "339712998572",
            "private_dns_hostname_type_on_launch": "ip-name",
            "tags": {
              "Name": "private_subnet_3",
              "Terraform": "true"
            },
            "tags_all": {
              "Environment": "default",
              "Name": "private_subnet_3",
              "Terraform": "true"
            },
            "timeouts": null,
            "vpc_id": "vpc-0a4dc63905013212e"
          },
          "sensitive_attributes": [],
          "identity_schema_version": 0,
          "private": "eyJlMmJmYjczMC1lY2FhLTExZTYtOGY4OC0zNDM2M2JjN2M0YzAiOnsiY3JlYXRlIjo2MDAwMDAwMDAwMDAsImRlbGV0ZSI6MTIwMDAwMDAwMDAwMH0sInNjaGVtYV92ZXJzaW9uIjoiMSJ9",
          "dependencies": [
            "aws_vpc.vpc",
            "data.aws_availability_zones.available",
            "data.aws_region.current"
          ],
          "create_before_destroy": true
        }
      ]
    },
    {
      "mode": "managed",
      "type": "aws_subnet",
      "name": "public_subnets",
      "provider": "provider[\"registry.terraform.io/hashicorp/aws\"]",
      "instances": [
        {
          "index_key": "public_subnet_1",
          "schema_version": 1,
          "attributes": {
            "arn": "arn:aws:ec2:ca-central-1:339712998572:subnet/subnet-05b251fabd207de7f",
            "assign_ipv6_address_on_creation": false,
            "availability_zone": "ca-central-1a",
            "availability_zone_id": "cac1-az1",
            "cidr_block": "10.0.101.0/24",
            "customer_owned_ipv4_pool": "",
            "enable_dns64": false,
            "enable_lni_at_device_index": 0,
            "enable_resource_name_dns_a_record_on_launch": false,
            "enable_resource_name_dns_aaaa_record_on_launch": false,
            "id": "subnet-05b251fabd207de7f",
            "ipv6_cidr_block": "",
            "ipv6_cidr_block_association_id": "",
            "ipv6_native": false,
            "map_customer_owned_ip_on_launch": false,
            "map_public_ip_on_launch": true,
            "outpost_arn": "",
            "owner_id": "339712998572",
            "private_dns_hostname_type_on_launch": "ip-name",
            "tags": {
              "Name": "public_subnet_1",
              "Terraform": "true"
            },
            "tags_all": {
              "Environment": "default",
              "Name": "public_subnet_1",
              "Terraform": "true"
            },
            "timeouts": null,
            "vpc_id": "vpc-0a4dc63905013212e"
          },
          "sensitive_attributes": [],
          "identity_schema_version": 0,
          "private": "eyJlMmJmYjczMC1lY2FhLTExZTYtOGY4OC0zNDM2M2JjN2M0YzAiOnsiY3JlYXRlIjo2MDAwMDAwMDAwMDAsImRlbGV0ZSI6MTIwMDAwMDAwMDAwMH0sInNjaGVtYV92ZXJzaW9uIjoiMSJ9",
          "dependencies": [
            "aws_vpc.vpc",
            "data.aws_availability_zones.available",
            "data.aws_region.current"
          ]
        },
        {
          "index_key": "public_subnet_2",
          "schema_version": 1,
          "attributes": {
            "arn": "arn:aws:ec2:ca-central-1:339712998572:subnet/subnet-0f27988898b196376",
            "assign_ipv6_address_on_creation": false,
            "availability_zone": "ca-central-1b",
            "availability_zone_id": "cac1-az2",
            "cidr_block": "10.0.102.0/24",
            "customer_owned_ipv4_pool": "",
            "enable_dns64": false,
            "enable_lni_at_device_index": 0,
            "enable_resource_name_dns_a_record_on_launch": false,
            "enable_resource_name_dns_aaaa_record_on_launch": false,
            "id": "subnet-0f27988898b196376",
            "ipv6_cidr_block": "",
            "ipv6_cidr_block_association_id": "",
            "ipv6_native": false,
            "map_customer_owned_ip_on_launch": false,
            "map_public_ip_on_launch": true,
            "outpost_arn": "",
            "owner_id": "339712998572",
            "private_dns_hostname_type_on_launch": "ip-name",
            "tags": {
              "Name": "public_subnet_2",
              "Terraform": "true"
            },
            "tags_all": {
              "Environment": "default",
              "Name": "public_subnet_2",
              "Terraform": "true"
            },
            "timeouts": null,
            "vpc_id": "vpc-0a4dc63905013212e"
          },
          "sensitive_attributes": [],
          "identity_schema_version": 0,
          "private": "eyJlMmJmYjczMC1lY2FhLTExZTYtOGY4OC0zNDM2M2JjN2M0YzAiOnsiY3JlYXRlIjo2MDAwMDAwMDAwMDAsImRlbGV0ZSI6MTIwMDAwMDAwMDAwMH0sInNjaGVtYV92ZXJzaW9uIjoiMSJ9",
          "dependencies": [
            "aws_vpc.vpc",
            "data.aws_availability_zones.available",
            "data.aws_region.current"
          ]
        },
        {
          "index_key": "public_subnet_3",
          "schema_version": 1,
          "attributes": {
            "arn": "arn:aws:ec2:ca-central-1:339712998572:subnet/subnet-0ade463a662f970fe",
            "assign_ipv6_address_on_creation": false,
            "availability_zone": "ca-central-1d",
            "availability_zone_id": "cac1-az4",
            "cidr_block": "10.0.103.0/24",
            "customer_owned_ipv4_pool": "",
            "enable_dns64": false,
            "enable_lni_at_device_index": 0,
            "enable_resource_name_dns_a_record_on_launch": false,
            "enable_resource_name_dns_aaaa_record_on_launch": false,
            "id": "subnet-0ade463a662f970fe",
            "ipv6_cidr_block": "",
            "ipv6_cidr_block_association_id": "",
            "ipv6_native": false,
            "map_customer_owned_ip_on_launch": false,
            "map_public_ip_on_launch": true,
            "outpost_arn": "",
            "owner_id": "339712998572",
            "private_dns_hostname_type_on_launch": "ip-name",
            "tags": {
              "Name": "public_subnet_3",
              "Terraform": "true"
            },
            "tags_all": {
              "Environment": "default",
              "Name": "public_subnet_3",
              "Terraform": "true"
            },
            "timeouts": null,
            "vpc_id": "vpc-0a4dc63905013212e"
          },
          "sensitive_attributes": [],
          "identity_schema_version": 0,
          "private": "eyJlMmJmYjczMC1lY2FhLTExZTYtOGY4OC0zNDM2M2JjN2M0YzAiOnsiY3JlYXRlIjo2MDAwMDAwMDAwMDAsImRlbGV0ZSI6MTIwMDAwMDAwMDAwMH0sInNjaGVtYV92ZXJzaW9uIjoiMSJ9",
          "dependencies": [
            "aws_vpc.vpc",
            "data.aws_availability_zones.available",
            "data.aws_region.current"
          ]
        }
      ]
    },
    {
      "mode": "managed",
      "type": "aws_subnet",
      "name": "variables-subnet",
      "provider": "provider[\"registry.terraform.io/hashicorp/aws\"]",
      "instances": [
        {
          "schema_version": 1,
          "attributes": {
            "arn": "arn:aws:ec2:ca-central-1:339712998572:subnet/subnet-0ca0b26a65a694f52",
            "assign_ipv6_address_on_creation": false,
            "availability_zone": "ca-central-1a",
            "availability_zone_id": "cac1-az1",
            "cidr_block": "10.0.250.0/24",
            "customer_owned_ipv4_pool": "",
            "enable_dns64": false,
            "enable_lni_at_device_index": 0,
            "enable_resource_name_dns_a_record_on_launch": false,
            "enable_resource_name_dns_aaaa_record_on_launch": false,
            "id": "subnet-0ca0b26a65a694f52",
            "ipv6_cidr_block": "",
            "ipv6_cidr_block_association_id": "",
            "ipv6_native": false,
            "map_customer_owned_ip_on_launch": false,
            "map_public_ip_on_launch": true,
            "outpost_arn": "",
            "owner_id": "339712998572",
            "private_dns_hostname_type_on_launch": "ip-name",
            "tags": {
              "Name": "sub-variables-ca-central-1a",
              "Terraform": "true"
            },
            "tags_all": {
              "Environment": "default",
              "Name": "sub-variables-ca-central-1a",
              "Terraform": "true"
            },
            "timeouts": null,
            "vpc_id": "vpc-0a4dc63905013212e"
          },
          "sensitive_attributes": [],
          "identity_schema_version": 0,
          "private": "eyJlMmJmYjczMC1lY2FhLTExZTYtOGY4OC0zNDM2M2JjN2M0YzAiOnsiY3JlYXRlIjo2MDAwMDAwMDAwMDAsImRlbGV0ZSI6MTIwMDAwMDAwMDAwMH0sInNjaGVtYV92ZXJzaW9uIjoiMSJ9",
          "dependencies": [
            "aws_vpc.vpc",
            "data.aws_region.current"
          ]
        }
      ]
    },
    {
      "mode": "managed",
      "type": "aws_vpc",
      "name": "vpc",
      "provider": "provider[\"registry.terraform.io/hashicorp/aws\"]",
      "instances": [
        {
          "schema_version": 1,
          "attributes": {
            "arn": "arn:aws:ec2:ca-central-1:339712998572:vpc/vpc-0a4dc63905013212e",
            "assign_generated_ipv6_cidr_block": false,
            "cidr_block": "10.0.0.0/16",
            "default_network_acl_id": "acl-0e0d55fbe503fbd55",
            "default_route_table_id": "rtb-09a63845d5ccacdd2",
            "default_security_group_id": "sg-032d56fe0b9b8f295",
            "dhcp_options_id": "dopt-0a32d6dc8dd5e3bc7",
            "enable_dns_hostnames": false,
            "enable_dns_support": true,
            "enable_network_address_usage_metrics": false,
            "id": "vpc-0a4dc63905013212e",
            "instance_tenancy": "default",
            "ipv4_ipam_pool_id": null,
            "ipv4_netmask_length": null,
            "ipv6_association_id": "",
            "ipv6_cidr_block": "",
            "ipv6_cidr_block_network_border_group": "",
            "ipv6_ipam_pool_id": "",
            "ipv6_netmask_length": 0,
            "main_route_table_id": "rtb-09a63845d5ccacdd2",
            "owner_id": "339712998572",
            "tags": {
              "Environment": "demo_environment",
              "Name": "demo_vpc",
              "Region": "ca-central-1",
              "Terraform": "true"
            },
            "tags_all": {
              "Environment": "demo_environment",
              "Name": "demo_vpc",
              "Region": "ca-central-1",
              "Terraform": "true"
            }
          },
          "sensitive_attributes": [],
          "identity_schema_version": 0,
          "private": "eyJzY2hlbWFfdmVyc2lvbiI6IjEifQ==",
          "dependencies": [
            "data.aws_region.current"
          ],
          "create_before_destroy": true
        }
      ]
    },
    {
      "mode": "managed",
      "type": "local_file",
      "name": "private_key_pem",
      "provider": "provider[\"registry.terraform.io/hashicorp/local\"]",
      "instances": [
        {
          "schema_version": 0,
          "attributes": {
            "content": "-----BEGIN RSA PRIVATE KEY-----\nMIIEogIBAAKCAQEAt1B0LbGhCtiXvKtqo5jEdhRbHeHmZOS3NNhrvoFYswT3Jnr4\nq1BIyFLOKzHQ3n/uOFrzO0NIIM+1XfVnryXk69zgHUROAXf68iFt/alokNVZmiYm\nFdG4JhYp6LF38W2zt3JnW+CJqK6R7yplnpmKsFhD2anFsDNJlekNLpVEHbAaaT3z\nD9yjHxtKHdP5yf6O6pMA1YhL3fDy+r5DSukhLE4wKAbgcw/ZBD/wdepAztw2wqcs\nXfotEFi3jExNXpokEyUYj8ID0ZF8PwuZ7nsq/sjne9GwEb/drXqX3SytYF+fu2wy\n0VZvq/82LNg7+orPE/LzBTH5F9oChfwliF/LcwIDAQABAoIBAAlYW6Pcs1YHNq0S\nnAwdBJ70aLS8SG+KTWCvS8bZdzkhHqxihnzNSfiUaBhBoOFG6lELKe0yf+HUVO2m\nThPavbHcf7xeOA/RGwTu+Vl+ImuHxNqb6UMhft7KMHbBXVj8e7X1ahl/9+SWibAE\nnEuajjxxM3xMMFzMMIso51ghmehddMyNGxzcYvgIk+4IMfj7fyAPVTh70VA6MSFL\nLfgLeQNaAuejo1vaGGUeKKw1+XaSnuKdrWi7X+dQ0M3bJ2ryzVJZw3MoyVakBUp7\nLp0Pl1x8i4DECGF2/qIGDDZxmdp1m4L9/4bXsGQlkFz30P4OumK05AA03sl0iknK\n9wM5JKECgYEA5LEW6nnyg1PwuEm07o5eFslrdGKJgGnXU1qAQ0hhEpctUuCpUtQP\nLiNkgjy3FW0v/DM8e0QaKxr2AJdycbzd6Oa0uDSWLXm6AgZNK3G2WKCCNrKiSE0c\naXKuthvLtRP4f/otCETi9bX20sHvgva5Y7Or+gwWaFQecGlT58SgAZECgYEAzTQ2\nsMb9+5hSpY0BPKRCSles7dogwS63hIphdOup65Q0/yxaLpHxGA0G0M9VNyPBHKio\n1O38dobqZ/uFPouS/KMLyOB6feL2g+oXdg30hqh0gyvCSCk3e9Bj9kC95EuGT+e/\n2rgIkX9E9Wv30hSevLebbzIzx3LyOSBQ1BYH+sMCgYA45XovEfHtDIg6QVQ7eb4c\n6zXJue49vZdtzHlWw/4qsuP615wo2EuCjhmmcVaXhRfIJjMo89OS391OXl+Bvpxz\nIlrZ7XNjkwJdGJZAdcUJHb3nv9+yH0UvUvH2qsmunm5X4LUtdn4E5aWn38ooChwr\nmvrxdeppQGxmST4vznKEkQKBgB6OeuJiD2oKqavrTlbYYuKtIZwdkikSKtO6w35k\npV3mKOoikZ9DrjIVpoErjpXyZgw9dT6X3bNMrdUkGBhTMmUaZmPYQYVDadAE6M90\njogKx6bMulaChLeUNX5y75PyRyLY8LHCG8yGth8Rn8qRtX2Gnce2Iw29KSKmlEKw\nsSl/AoGADF0wTFTJ29Vo4yLZAxTDEFGdGo89H18Qpyfg6LkxevXHpuLB34bJ1o5a\nb6a8EDtOfepn1/2ls8+LJ/y1agWuio6kKHziKLD5IlJAthMQk0lYTraKB8PuH93O\n1WHxYZEUTHMnr32N10AMNQ+/A+Mmcl3fwishQY4KTb8tbHIY+pE=\n-----END RSA PRIVATE KEY-----\n",
            "content_base64": null,
            "content_base64sha256": "acl8tEcPiiIfSIcqJvIsags+QyqCdvLKKaDbEHtiQPs=",
            "content_base64sha512": "jc/jJoyPo2kIq17cwEuSy2Y1gEG7RzNAepznwK6ApOpyVL/lOtTSJj3vap2ww8VLJMwlJTmoKviKzeRQcITgHQ==",
            "content_md5": "56aaa99caed97570ab641d34ef5a048b",
            "content_sha1": "78b07895b5d22e1095fd6d783300268584fb8f5c",
            "content_sha256": "69c97cb4470f8a221f48872a26f22c6a0b3e432a8276f2ca29a0db107b6240fb",
            "content_sha512": "8dcfe3268c8fa36908ab5edcc04b92cb66358041bb4733407a9ce7c0ae80a4ea7254bfe53ad4d2263def6a9db0c3c54b24cc252539a82af88acde4507084e01d",
            "directory_permission": "0777",
            "file_permission": "0777",
            "filename": "MyTerraformInstanceKey.pem",
            "id": "78b07895b5d22e1095fd6d783300268584fb8f5c",
            "sensitive_content": null,
            "source": null
          },
          "sensitive_attributes": [
            [
              {
                "type": "get_attr",
                "value": "content"
              }
            ],
            [
              {
                "type": "get_attr",
                "value": "sensitive_content"
              }
            ]
          ],
          "identity_schema_version": 0,
          "dependencies": [
            "tls_private_key.generated"
          ]
        }
      ]
    },
    {
      "mode": "managed",
      "type": "tls_private_key",
      "name": "generated",
      "provider": "provider[\"registry.terraform.io/hashicorp/tls\"]",
      "instances": [
        {
          "schema_version": 1,
          "attributes": {
            "algorithm": "RSA",
            "ecdsa_curve": "P224",
            "id": "75dead19e99cc3a41e251b74cfae916c4b9ee7a4",
            "private_key_openssh": "-----BEGIN OPENSSH PRIVATE KEY-----\nb3BlbnNzaC1rZXktdjEAAAAABG5vbmUAAAAEbm9uZQAAAAAAAAABAAABFwAAAAdz\nc2gtcnNhAAAAAwEAAQAAAQEAt1B0LbGhCtiXvKtqo5jEdhRbHeHmZOS3NNhrvoFY\nswT3Jnr4q1BIyFLOKzHQ3n/uOFrzO0NIIM+1XfVnryXk69zgHUROAXf68iFt/alo\nkNVZmiYmFdG4JhYp6LF38W2zt3JnW+CJqK6R7yplnpmKsFhD2anFsDNJlekNLpVE\nHbAaaT3zD9yjHxtKHdP5yf6O6pMA1YhL3fDy+r5DSukhLE4wKAbgcw/ZBD/wdepA\nztw2wqcsXfotEFi3jExNXpokEyUYj8ID0ZF8PwuZ7nsq/sjne9GwEb/drXqX3Syt\nYF+fu2wy0VZvq/82LNg7+orPE/LzBTH5F9oChfwliF/LcwAAA7jwSW+Q8ElvkAAA\nAAdzc2gtcnNhAAABAQC3UHQtsaEK2Je8q2qjmMR2FFsd4eZk5Lc02Gu+gVizBPcm\nevirUEjIUs4rMdDef+44WvM7Q0ggz7Vd9WevJeTr3OAdRE4Bd/ryIW39qWiQ1Vma\nJiYV0bgmFinosXfxbbO3cmdb4ImorpHvKmWemYqwWEPZqcWwM0mV6Q0ulUQdsBpp\nPfMP3KMfG0od0/nJ/o7qkwDViEvd8PL6vkNK6SEsTjAoBuBzD9kEP/B16kDO3DbC\npyxd+i0QWLeMTE1emiQTJRiPwgPRkXw/C5nueyr+yOd70bARv92tepfdLK1gX5+7\nbDLRVm+r/zYs2Dv6is8T8vMFMfkX2gKF/CWIX8tzAAAAAwEAAQAAAQAJWFuj3LNW\nBzatEpwMHQSe9Gi0vEhvik1gr0vG2Xc5IR6sYoZ8zUn4lGgYQaDhRupRCyntMn/h\n1FTtpk4T2r2x3H+8XjgP0RsE7vlZfiJrh8Tam+lDIX7eyjB2wV1Y/Hu19WoZf/fk\nlomwBJxLmo48cTN8TDBczDCLKOdYIZnoXXTMjRsc3GL4CJPuCDH4+38gD1U4e9FQ\nOjEhSy34C3kDWgLno6Nb2hhlHiisNfl2kp7ina1ou1/nUNDN2ydq8s1SWcNzKMlW\npAVKey6dD5dcfIuAxAhhdv6iBgw2cZnadZuC/f+G17BkJZBc99D+DrpitOQANN7J\ndIpJyvcDOSShAAAAgAxdMExUydvVaOMi2QMUwxBRnRqPPR9fEKcn4Oi5MXr1x6bi\nwd+GydaOWm+mvBA7Tn3qZ9f9pbPPiyf8tWoFroqOpCh84iiw+SJSQLYTEJNJWE62\nigfD7h/dztVh8WGRFExzJ699jddADDUPvwPjJnJd38IrIUGOCk2/LWxyGPqRAAAA\ngQDksRbqefKDU/C4SbTujl4WyWt0YomAaddTWoBDSGESly1S4KlS1A8uI2SCPLcV\nbS/8Mzx7RBorGvYAl3JxvN3o5rS4NJYteboCBk0rcbZYoII2sqJITRxpcq62G8u1\nE/h/+i0IROL1tfbSwe+C9rljs6v6DBZoVB5waVPnxKABkQAAAIEAzTQ2sMb9+5hS\npY0BPKRCSles7dogwS63hIphdOup65Q0/yxaLpHxGA0G0M9VNyPBHKio1O38dobq\nZ/uFPouS/KMLyOB6feL2g+oXdg30hqh0gyvCSCk3e9Bj9kC95EuGT+e/2rgIkX9E\n9Wv30hSevLebbzIzx3LyOSBQ1BYH+sMAAAAAAQID\n-----END OPENSSH PRIVATE KEY-----\n",
            "private_key_pem": "-----BEGIN RSA PRIVATE KEY-----\nMIIEogIBAAKCAQEAt1B0LbGhCtiXvKtqo5jEdhRbHeHmZOS3NNhrvoFYswT3Jnr4\nq1BIyFLOKzHQ3n/uOFrzO0NIIM+1XfVnryXk69zgHUROAXf68iFt/alokNVZmiYm\nFdG4JhYp6LF38W2zt3JnW+CJqK6R7yplnpmKsFhD2anFsDNJlekNLpVEHbAaaT3z\nD9yjHxtKHdP5yf6O6pMA1YhL3fDy+r5DSukhLE4wKAbgcw/ZBD/wdepAztw2wqcs\nXfotEFi3jExNXpokEyUYj8ID0ZF8PwuZ7nsq/sjne9GwEb/drXqX3SytYF+fu2wy\n0VZvq/82LNg7+orPE/LzBTH5F9oChfwliF/LcwIDAQABAoIBAAlYW6Pcs1YHNq0S\nnAwdBJ70aLS8SG+KTWCvS8bZdzkhHqxihnzNSfiUaBhBoOFG6lELKe0yf+HUVO2m\nThPavbHcf7xeOA/RGwTu+Vl+ImuHxNqb6UMhft7KMHbBXVj8e7X1ahl/9+SWibAE\nnEuajjxxM3xMMFzMMIso51ghmehddMyNGxzcYvgIk+4IMfj7fyAPVTh70VA6MSFL\nLfgLeQNaAuejo1vaGGUeKKw1+XaSnuKdrWi7X+dQ0M3bJ2ryzVJZw3MoyVakBUp7\nLp0Pl1x8i4DECGF2/qIGDDZxmdp1m4L9/4bXsGQlkFz30P4OumK05AA03sl0iknK\n9wM5JKECgYEA5LEW6nnyg1PwuEm07o5eFslrdGKJgGnXU1qAQ0hhEpctUuCpUtQP\nLiNkgjy3FW0v/DM8e0QaKxr2AJdycbzd6Oa0uDSWLXm6AgZNK3G2WKCCNrKiSE0c\naXKuthvLtRP4f/otCETi9bX20sHvgva5Y7Or+gwWaFQecGlT58SgAZECgYEAzTQ2\nsMb9+5hSpY0BPKRCSles7dogwS63hIphdOup65Q0/yxaLpHxGA0G0M9VNyPBHKio\n1O38dobqZ/uFPouS/KMLyOB6feL2g+oXdg30hqh0gyvCSCk3e9Bj9kC95EuGT+e/\n2rgIkX9E9Wv30hSevLebbzIzx3LyOSBQ1BYH+sMCgYA45XovEfHtDIg6QVQ7eb4c\n6zXJue49vZdtzHlWw/4qsuP615wo2EuCjhmmcVaXhRfIJjMo89OS391OXl+Bvpxz\nIlrZ7XNjkwJdGJZAdcUJHb3nv9+yH0UvUvH2qsmunm5X4LUtdn4E5aWn38ooChwr\nmvrxdeppQGxmST4vznKEkQKBgB6OeuJiD2oKqavrTlbYYuKtIZwdkikSKtO6w35k\npV3mKOoikZ9DrjIVpoErjpXyZgw9dT6X3bNMrdUkGBhTMmUaZmPYQYVDadAE6M90\njogKx6bMulaChLeUNX5y75PyRyLY8LHCG8yGth8Rn8qRtX2Gnce2Iw29KSKmlEKw\nsSl/AoGADF0wTFTJ29Vo4yLZAxTDEFGdGo89H18Qpyfg6LkxevXHpuLB34bJ1o5a\nb6a8EDtOfepn1/2ls8+LJ/y1agWuio6kKHziKLD5IlJAthMQk0lYTraKB8PuH93O\n1WHxYZEUTHMnr32N10AMNQ+/A+Mmcl3fwishQY4KTb8tbHIY+pE=\n-----END RSA PRIVATE KEY-----\n",
            "private_key_pem_pkcs8": "-----BEGIN PRIVATE KEY-----\nMIIEvAIBADANBgkqhkiG9w0BAQEFAASCBKYwggSiAgEAAoIBAQC3UHQtsaEK2Je8\nq2qjmMR2FFsd4eZk5Lc02Gu+gVizBPcmevirUEjIUs4rMdDef+44WvM7Q0ggz7Vd\n9WevJeTr3OAdRE4Bd/ryIW39qWiQ1VmaJiYV0bgmFinosXfxbbO3cmdb4ImorpHv\nKmWemYqwWEPZqcWwM0mV6Q0ulUQdsBppPfMP3KMfG0od0/nJ/o7qkwDViEvd8PL6\nvkNK6SEsTjAoBuBzD9kEP/B16kDO3DbCpyxd+i0QWLeMTE1emiQTJRiPwgPRkXw/\nC5nueyr+yOd70bARv92tepfdLK1gX5+7bDLRVm+r/zYs2Dv6is8T8vMFMfkX2gKF\n/CWIX8tzAgMBAAECggEACVhbo9yzVgc2rRKcDB0EnvRotLxIb4pNYK9Lxtl3OSEe\nrGKGfM1J+JRoGEGg4UbqUQsp7TJ/4dRU7aZOE9q9sdx/vF44D9EbBO75WX4ia4fE\n2pvpQyF+3sowdsFdWPx7tfVqGX/35JaJsAScS5qOPHEzfEwwXMwwiyjnWCGZ6F10\nzI0bHNxi+AiT7ggx+Pt/IA9VOHvRUDoxIUst+At5A1oC56OjW9oYZR4orDX5dpKe\n4p2taLtf51DQzdsnavLNUlnDcyjJVqQFSnsunQ+XXHyLgMQIYXb+ogYMNnGZ2nWb\ngv3/htewZCWQXPfQ/g66YrTkADTeyXSKScr3AzkkoQKBgQDksRbqefKDU/C4SbTu\njl4WyWt0YomAaddTWoBDSGESly1S4KlS1A8uI2SCPLcVbS/8Mzx7RBorGvYAl3Jx\nvN3o5rS4NJYteboCBk0rcbZYoII2sqJITRxpcq62G8u1E/h/+i0IROL1tfbSwe+C\n9rljs6v6DBZoVB5waVPnxKABkQKBgQDNNDawxv37mFKljQE8pEJKV6zt2iDBLreE\nimF066nrlDT/LFoukfEYDQbQz1U3I8EcqKjU7fx2hupn+4U+i5L8owvI4Hp94vaD\n6hd2DfSGqHSDK8JIKTd70GP2QL3kS4ZP57/auAiRf0T1a/fSFJ68t5tvMjPHcvI5\nIFDUFgf6wwKBgDjlei8R8e0MiDpBVDt5vhzrNcm57j29l23MeVbD/iqy4/rXnCjY\nS4KOGaZxVpeFF8gmMyjz05Lf3U5eX4G+nHMiWtntc2OTAl0YlkB1xQkdvee/37If\nRS9S8faqya6eblfgtS12fgTlpaffyigKHCua+vF16mlAbGZJPi/OcoSRAoGAHo56\n4mIPagqpq+tOVthi4q0hnB2SKRIq07rDfmSlXeYo6iKRn0OuMhWmgSuOlfJmDD11\nPpfds0yt1SQYGFMyZRpmY9hBhUNp0AToz3SOiArHpsy6VoKEt5Q1fnLvk/JHItjw\nscIbzIa2HxGfypG1fYadx7YjDb0pIqaUQrCxKX8CgYAMXTBMVMnb1WjjItkDFMMQ\nUZ0ajz0fXxCnJ+DouTF69cem4sHfhsnWjlpvprwQO0596mfX/aWzz4sn/LVqBa6K\njqQofOIosPkiUkC2ExCTSVhOtooHw+4f3c7VYfFhkRRMcyevfY3XQAw1D78D4yZy\nXd/CKyFBjgpNvy1schj6kQ==\n-----END PRIVATE KEY-----\n",
            "public_key_fingerprint_md5": "bd:e2:5b:18:07:68:6e:d0:66:49:ff:76:01:cd:c6:de",
            "public_key_fingerprint_sha256": "SHA256:mZrgRdfZWgJOcabRppPWc0a9fZV2bJHvV3vSTpb3ylI",
            "public_key_openssh": "ssh-rsa AAAAB3NzaC1yc2EAAAADAQABAAABAQC3UHQtsaEK2Je8q2qjmMR2FFsd4eZk5Lc02Gu+gVizBPcmevirUEjIUs4rMdDef+44WvM7Q0ggz7Vd9WevJeTr3OAdRE4Bd/ryIW39qWiQ1VmaJiYV0bgmFinosXfxbbO3cmdb4ImorpHvKmWemYqwWEPZqcWwM0mV6Q0ulUQdsBppPfMP3KMfG0od0/nJ/o7qkwDViEvd8PL6vkNK6SEsTjAoBuBzD9kEP/B16kDO3DbCpyxd+i0QWLeMTE1emiQTJRiPwgPRkXw/C5nueyr+yOd70bARv92tepfdLK1gX5+7bDLRVm+r/zYs2Dv6is8T8vMFMfkX2gKF/CWIX8tz\n",
            "public_key_pem": "-----BEGIN PUBLIC KEY-----\nMIIBIjANBgkqhkiG9w0BAQEFAAOCAQ8AMIIBCgKCAQEAt1B0LbGhCtiXvKtqo5jE\ndhRbHeHmZOS3NNhrvoFYswT3Jnr4q1BIyFLOKzHQ3n/uOFrzO0NIIM+1XfVnryXk\n69zgHUROAXf68iFt/alokNVZmiYmFdG4JhYp6LF38W2zt3JnW+CJqK6R7yplnpmK\nsFhD2anFsDNJlekNLpVEHbAaaT3zD9yjHxtKHdP5yf6O6pMA1YhL3fDy+r5DSukh\nLE4wKAbgcw/ZBD/wdepAztw2wqcsXfotEFi3jExNXpokEyUYj8ID0ZF8PwuZ7nsq\n/sjne9GwEb/drXqX3SytYF+fu2wy0VZvq/82LNg7+orPE/LzBTH5F9oChfwliF/L\ncwIDAQAB\n-----END PUBLIC KEY-----\n",
            "rsa_bits": 2048
          },
          "sensitive_attributes": [
            [
              {
                "type": "get_attr",
                "value": "private_key_openssh"
              }
            ],
            [
              {
                "type": "get_attr",
                "value": "private_key_pem"
              }
            ],
            [
              {
                "type": "get_attr",
                "value": "private_key_pem_pkcs8"
              }
            ]
          ],
          "identity_schema_version": 0
        }
      ]
    },
    {
      "module": "module.autoscaling",
      "mode": "data",
      "type": "aws_partition",
      "name": "current",
      "provider": "provider[\"registry.terraform.io/hashicorp/aws\"]",
      "instances": [
        {
          "schema_version": 0,
          "attributes": {
            "dns_suffix": "amazonaws.com",
            "id": "aws",
            "partition": "aws",
            "reverse_dns_prefix": "com.amazonaws"
          },
          "sensitive_attributes": [],
          "identity_schema_version": 0
        }
      ]
    },
    {
      "module": "module.autoscaling",
      "mode": "managed",
      "type": "aws_autoscaling_group",
      "name": "this",
      "provider": "provider[\"registry.terraform.io/hashicorp/aws\"]",
      "instances": [
        {
          "index_key": 0,
          "schema_version": 1,
          "attributes": {
            "arn": "arn:aws:autoscaling:ca-central-1:339712998572:autoScalingGroup:52969348-2dfe-47dc-be6e-3f8c68b34f0c:autoScalingGroupName/myasg-20251009224004242500000002",
            "availability_zone_distribution": [
              {
                "capacity_distribution_strategy": "balanced-best-effort"
              }
            ],
            "availability_zones": [
              "ca-central-1a",
              "ca-central-1b",
              "ca-central-1d"
            ],
            "capacity_rebalance": false,
            "capacity_reservation_specification": [
              {
                "capacity_reservation_preference": "default",
                "capacity_reservation_target": []
              }
            ],
            "context": "",
            "default_cooldown": 300,
            "default_instance_warmup": 0,
            "desired_capacity": 1,
            "desired_capacity_type": "",
            "enabled_metrics": [],
            "force_delete": false,
            "force_delete_warm_pool": false,
            "health_check_grace_period": 300,
            "health_check_type": "EC2",
            "id": "myasg-20251009224004242500000002",
            "ignore_failed_scaling_activities": false,
            "initial_lifecycle_hook": [],
            "instance_maintenance_policy": [],
            "instance_refresh": [],
            "launch_configuration": "",
            "launch_template": [
              {
                "id": "lt-0cc932623bcca5df1",
                "name": "myasg-20251009222601340300000001",
                "version": "3"
              }
            ],
            "load_balancers": [],
            "max_instance_lifetime": 0,
            "max_size": 1,
            "metrics_granularity": "1Minute",
            "min_elb_capacity": null,
            "min_size": 0,
            "mixed_instances_policy": [],
            "name": "myasg-20251009224004242500000002",
            "name_prefix": "myasg-",
            "placement_group": "",
            "predicted_capacity": 0,
            "protect_from_scale_in": false,
            "service_linked_role_arn": "arn:aws:iam::339712998572:role/aws-service-role/autoscaling.amazonaws.com/AWSServiceRoleForAutoScaling",
            "suspended_processes": [],
            "tag": [
              {
                "key": "Name",
                "propagate_at_launch": true,
                "value": "asg-instance_local"
              }
            ],
            "target_group_arns": [],
            "termination_policies": [],
            "timeouts": {
              "delete": null,
              "update": null
            },
            "traffic_source": [],
            "vpc_zone_identifier": [
              "subnet-0344f8f8fd9a861da",
              "subnet-085d427093aa71523",
              "subnet-0d041e8b4779a7ea6"
            ],
            "wait_for_capacity_timeout": "10m",
            "wait_for_elb_capacity": null,
            "warm_pool": [],
            "warm_pool_size": 0
          },
          "sensitive_attributes": [],
          "identity_schema_version": 0,
          "private": "eyJlMmJmYjczMC1lY2FhLTExZTYtOGY4OC0zNDM2M2JjN2M0YzAiOnsiZGVsZXRlIjo2MDAwMDAwMDAwMDAsInVwZGF0ZSI6NjAwMDAwMDAwMDAwfSwic2NoZW1hX3ZlcnNpb24iOiIxIn0=",
          "dependencies": [
            "aws_subnet.private_subnets",
            "aws_vpc.vpc",
            "data.aws_ami.ubuntu_20_04",
            "data.aws_availability_zones.available",
            "data.aws_region.current",
            "module.autoscaling.aws_iam_instance_profile.this",
            "module.autoscaling.aws_iam_role.this",
            "module.autoscaling.aws_launch_template.this",
            "module.autoscaling.data.aws_iam_policy_document.assume_role_policy",
            "module.autoscaling.data.aws_partition.current"
          ],
          "create_before_destroy": true
        }
      ]
    },
    {
      "module": "module.autoscaling",
      "mode": "managed",
      "type": "aws_launch_template",
      "name": "this",
      "provider": "provider[\"registry.terraform.io/hashicorp/aws\"]",
      "instances": [
        {
          "index_key": 0,
          "schema_version": 0,
          "attributes": {
            "arn": "arn:aws:ec2:ca-central-1:339712998572:launch-template/lt-0cc932623bcca5df1",
            "block_device_mappings": [],
            "capacity_reservation_specification": [],
            "cpu_options": [],
            "credit_specification": [],
            "default_version": 1,
            "description": "",
            "disable_api_stop": false,
            "disable_api_termination": false,
            "ebs_optimized": "",
            "elastic_gpu_specifications": [],
            "elastic_inference_accelerator": [],
            "enclave_options": [],
            "hibernation_options": [],
            "iam_instance_profile": [],
            "id": "lt-0cc932623bcca5df1",
            "image_id": "ami-0495a93f1f3b4a562",
            "instance_initiated_shutdown_behavior": "",
            "instance_market_options": [],
            "instance_requirements": [],
            "instance_type": "t3.micro",
            "kernel_id": "",
            "key_name": "",
            "latest_version": 3,
            "license_specification": [],
            "maintenance_options": [],
            "metadata_options": [],
            "monitoring": [
              {
                "enabled": true
              }
            ],
            "name": "myasg-20251009222601340300000001",
            "name_prefix": "myasg-",
            "network_interfaces": [],
            "placement": [],
            "private_dns_name_options": [],
            "ram_disk_id": "",
            "security_group_names": [],
            "tag_specifications": [],
            "tags": {
              "Name": "Web EC2 Server local"
            },
            "tags_all": {
              "Environment": "default",
              "Name": "Web EC2 Server local"
            },
            "update_default_version": null,
            "user_data": "",
            "vpc_security_group_ids": []
          },
          "sensitive_attributes": [],
          "identity_schema_version": 0,
          "private": "bnVsbA==",
          "dependencies": [
            "data.aws_ami.ubuntu_20_04",
            "module.autoscaling.aws_iam_instance_profile.this",
            "module.autoscaling.aws_iam_role.this",
            "module.autoscaling.data.aws_iam_policy_document.assume_role_policy",
            "module.autoscaling.data.aws_partition.current"
          ],
          "create_before_destroy": true
        }
      ]
    },
    {
      "module": "module.autoscaling_github",
      "mode": "data",
      "type": "aws_default_tags",
      "name": "current",
      "provider": "provider[\"registry.terraform.io/hashicorp/aws\"]",
      "instances": [
        {
          "schema_version": 0,
          "attributes": {
            "id": "aws",
            "tags": {
              "Environment": "default"
            }
          },
          "sensitive_attributes": [],
          "identity_schema_version": 0
        }
      ]
    },
    {
      "module": "module.autoscaling_github",
      "mode": "managed",
      "type": "aws_autoscaling_group",
      "name": "this",
      "provider": "provider[\"registry.terraform.io/hashicorp/aws\"]",
      "instances": [
        {
          "index_key": 0,
          "schema_version": 1,
          "attributes": {
            "arn": "arn:aws:autoscaling:ca-central-1:339712998572:autoScalingGroup:b05d3ee0-a3e9-4000-8e8e-aa92a4b9f8fc:autoScalingGroupName/myasg-20251009225044730800000004",
            "availability_zone_distribution": [
              {
                "capacity_distribution_strategy": "balanced-best-effort"
              }
            ],
            "availability_zones": [
              "ca-central-1a",
              "ca-central-1b",
              "ca-central-1d"
            ],
            "capacity_rebalance": false,
            "capacity_reservation_specification": [
              {
                "capacity_reservation_preference": "default",
                "capacity_reservation_target": []
              }
            ],
            "context": "",
            "default_cooldown": 300,
            "default_instance_warmup": 0,
            "desired_capacity": 1,
            "desired_capacity_type": "",
            "enabled_metrics": [],
            "force_delete": false,
            "force_delete_warm_pool": false,
            "health_check_grace_period": 300,
            "health_check_type": "EC2",
            "id": "myasg-20251009225044730800000004",
            "ignore_failed_scaling_activities": false,
            "initial_lifecycle_hook": [],
            "instance_maintenance_policy": [],
            "instance_refresh": [],
            "launch_configuration": "",
            "launch_template": [
              {
                "id": "lt-09fe2174bb60c5cf1",
                "name": "myasg-20251009225038688600000001",
                "version": "1"
              }
            ],
            "load_balancers": [],
            "max_instance_lifetime": 0,
            "max_size": 1,
            "metrics_granularity": "1Minute",
            "min_elb_capacity": null,
            "min_size": 0,
            "mixed_instances_policy": [],
            "name": "myasg-20251009225044730800000004",
            "name_prefix": "myasg-",
            "placement_group": "",
            "predicted_capacity": 0,
            "protect_from_scale_in": false,
            "service_linked_role_arn": "arn:aws:iam::339712998572:role/aws-service-role/autoscaling.amazonaws.com/AWSServiceRoleForAutoScaling",
            "suspended_processes": [],
            "tag": [],
            "target_group_arns": [],
            "termination_policies": [],
            "timeouts": {
              "delete": null,
              "update": null
            },
            "traffic_source": [],
            "vpc_zone_identifier": [
              "subnet-0344f8f8fd9a861da",
              "subnet-085d427093aa71523",
              "subnet-0d041e8b4779a7ea6"
            ],
            "wait_for_capacity_timeout": "10m",
            "wait_for_elb_capacity": null,
            "warm_pool": [],
            "warm_pool_size": 0
          },
          "sensitive_attributes": [],
          "identity_schema_version": 0,
          "private": "eyJlMmJmYjczMC1lY2FhLTExZTYtOGY4OC0zNDM2M2JjN2M0YzAiOnsiZGVsZXRlIjo2MDAwMDAwMDAwMDAsInVwZGF0ZSI6NjAwMDAwMDAwMDAwfSwic2NoZW1hX3ZlcnNpb24iOiIxIn0=",
          "dependencies": [
            "aws_subnet.private_subnets",
            "aws_vpc.vpc",
            "data.aws_ami.ubuntu_20_04",
            "data.aws_availability_zones.available",
            "data.aws_region.current",
            "module.autoscaling_github.aws_launch_configuration.this",
            "module.autoscaling_github.aws_launch_template.this"
          ],
          "create_before_destroy": true
        }
      ]
    },
    {
      "module": "module.autoscaling_github",
      "mode": "managed",
      "type": "aws_launch_template",
      "name": "this",
      "provider": "provider[\"registry.terraform.io/hashicorp/aws\"]",
      "instances": [
        {
          "index_key": 0,
          "schema_version": 0,
          "attributes": {
            "arn": "arn:aws:ec2:ca-central-1:339712998572:launch-template/lt-09fe2174bb60c5cf1",
            "block_device_mappings": [],
            "capacity_reservation_specification": [],
            "cpu_options": [],
            "credit_specification": [],
            "default_version": 1,
            "description": "",
            "disable_api_stop": false,
            "disable_api_termination": false,
            "ebs_optimized": "",
            "elastic_gpu_specifications": [],
            "elastic_inference_accelerator": [],
            "enclave_options": [],
            "hibernation_options": [],
            "iam_instance_profile": [],
            "id": "lt-09fe2174bb60c5cf1",
            "image_id": "ami-0495a93f1f3b4a562",
            "instance_initiated_shutdown_behavior": "",
            "instance_market_options": [],
            "instance_requirements": [],
            "instance_type": "t3.micro",
            "kernel_id": "",
            "key_name": "",
            "latest_version": 1,
            "license_specification": [],
            "maintenance_options": [],
            "metadata_options": [],
            "monitoring": [],
            "name": "myasg-20251009225038688600000001",
            "name_prefix": "myasg-",
            "network_interfaces": [],
            "placement": [],
            "private_dns_name_options": [],
            "ram_disk_id": "",
            "security_group_names": [],
            "tag_specifications": [],
            "tags": {
              "Name": "Web EC2 Server github"
            },
            "tags_all": {
              "Environment": "default",
              "Name": "Web EC2 Server github"
            },
            "update_default_version": null,
            "user_data": "",
            "vpc_security_group_ids": []
          },
          "sensitive_attributes": [],
          "identity_schema_version": 0,
          "private": "bnVsbA==",
          "dependencies": [
            "data.aws_ami.ubuntu_20_04"
          ],
          "create_before_destroy": true
        }
      ]
    },
    {
      "module": "module.server",
      "mode": "managed",
      "type": "aws_instance",
      "name": "Tf_server_web",
      "provider": "provider[\"registry.terraform.io/hashicorp/aws\"]",
      "instances": [
        {
          "schema_version": 1,
          "attributes": {
            "ami": "ami-0495a93f1f3b4a562",
            "arn": "arn:aws:ec2:ca-central-1:339712998572:instance/i-0c004f08984c8d55a",
            "associate_public_ip_address": true,
            "availability_zone": "ca-central-1d",
            "capacity_reservation_specification": [
              {
                "capacity_reservation_preference": "open",
                "capacity_reservation_target": []
              }
            ],
            "cpu_core_count": 1,
            "cpu_options": [
              {
                "amd_sev_snp": "",
                "core_count": 1,
                "threads_per_core": 2
              }
            ],
            "cpu_threads_per_core": 2,
            "credit_specification": [
              {
                "cpu_credits": "unlimited"
              }
            ],
            "disable_api_stop": false,
            "disable_api_termination": false,
            "ebs_block_device": [],
            "ebs_optimized": false,
            "enable_primary_ipv6": null,
            "enclave_options": [
              {
                "enabled": false
              }
            ],
            "ephemeral_block_device": [],
            "get_password_data": false,
            "hibernation": false,
            "host_id": "",
            "host_resource_group_arn": null,
            "iam_instance_profile": "",
            "id": "i-0c004f08984c8d55a",
            "instance_initiated_shutdown_behavior": "stop",
            "instance_lifecycle": "",
            "instance_market_options": [],
            "instance_state": "running",
            "instance_type": "t3.micro",
            "ipv6_address_count": 0,
            "ipv6_addresses": [],
            "key_name": "",
            "launch_template": [],
            "maintenance_options": [
              {
                "auto_recovery": "default"
              }
            ],
            "metadata_options": [
              {
                "http_endpoint": "enabled",
                "http_protocol_ipv6": "disabled",
                "http_put_response_hop_limit": 1,
                "http_tokens": "optional",
                "instance_metadata_tags": "disabled"
              }
            ],
            "monitoring": false,
            "network_interface": [],
            "outpost_arn": "",
            "password_data": "",
            "placement_group": "",
            "placement_partition_number": 0,
            "primary_network_interface_id": "eni-0459a5af698726c88",
            "private_dns": "ip-10-0-103-133.ca-central-1.compute.internal",
            "private_dns_name_options": [
              {
                "enable_resource_name_dns_a_record": false,
                "enable_resource_name_dns_aaaa_record": false,
                "hostname_type": "ip-name"
              }
            ],
            "private_ip": "10.0.103.133",
            "public_dns": "",
            "public_ip": "15.156.60.96",
            "root_block_device": [
              {
                "delete_on_termination": true,
                "device_name": "/dev/sda1",
                "encrypted": false,
                "iops": 100,
                "kms_key_id": "",
                "tags": {},
                "tags_all": {
                  "Environment": "default"
                },
                "throughput": 0,
                "volume_id": "vol-087bde69566b62758",
                "volume_size": 8,
                "volume_type": "gp2"
              }
            ],
            "secondary_private_ips": [],
            "security_groups": [],
            "source_dest_check": true,
            "spot_instance_request_id": "",
            "subnet_id": "subnet-0ade463a662f970fe",
            "tags": {
              "Environment": "Training",
              "Name": "Server from Module"
            },
            "tags_all": {
              "Environment": "Training",
              "Name": "Server from Module"
            },
            "tenancy": "default",
            "timeouts": null,
            "user_data": null,
            "user_data_base64": null,
            "user_data_replace_on_change": false,
            "volume_tags": null,
            "vpc_security_group_ids": [
              "sg-03e9beccf87d5739f",
              "sg-0bb3a0b418b0b6319",
              "sg-0dcec9fa4950fc77a"
            ]
          },
          "sensitive_attributes": [],
          "identity_schema_version": 0,
          "private": "eyJlMmJmYjczMC1lY2FhLTExZTYtOGY4OC0zNDM2M2JjN2M0YzAiOnsiY3JlYXRlIjo2MDAwMDAwMDAwMDAsImRlbGV0ZSI6MTIwMDAwMDAwMDAwMCwicmVhZCI6OTAwMDAwMDAwMDAwLCJ1cGRhdGUiOjYwMDAwMDAwMDAwMH0sInNjaGVtYV92ZXJzaW9uIjoiMSJ9",
          "dependencies": [
            "aws_security_group.ingress-ssh",
            "aws_security_group.vpc-ping",
            "aws_security_group.vpc-web",
            "aws_subnet.public_subnets",
            "aws_vpc.vpc",
            "data.aws_ami.ubuntu_20_04",
            "data.aws_availability_zones.available",
            "data.aws_region.current"
          ]
        }
      ]
    },
    {
      "module": "module.server_subnet_1",
      "mode": "managed",
      "type": "aws_instance",
      "name": "web",
      "provider": "provider[\"registry.terraform.io/hashicorp/aws\"]",
      "instances": [
        {
          "schema_version": 1,
          "attributes": {
            "ami": "ami-0495a93f1f3b4a562",
            "arn": "arn:aws:ec2:ca-central-1:339712998572:instance/i-08b1648d77cd8fb72",
            "associate_public_ip_address": true,
            "availability_zone": "ca-central-1a",
            "capacity_reservation_specification": [
              {
                "capacity_reservation_preference": "open",
                "capacity_reservation_target": []
              }
            ],
            "cpu_core_count": 1,
            "cpu_options": [
              {
                "amd_sev_snp": "",
                "core_count": 1,
                "threads_per_core": 2
              }
            ],
            "cpu_threads_per_core": 2,
            "credit_specification": [
              {
                "cpu_credits": "unlimited"
              }
            ],
            "disable_api_stop": false,
            "disable_api_termination": false,
            "ebs_block_device": [],
            "ebs_optimized": false,
            "enable_primary_ipv6": null,
            "enclave_options": [
              {
                "enabled": false
              }
            ],
            "ephemeral_block_device": [],
            "get_password_data": false,
            "hibernation": false,
            "host_id": "",
            "host_resource_group_arn": null,
            "iam_instance_profile": "",
            "id": "i-08b1648d77cd8fb72",
            "instance_initiated_shutdown_behavior": "stop",
            "instance_lifecycle": "",
            "instance_market_options": [],
            "instance_state": "running",
            "instance_type": "t3.micro",
            "ipv6_address_count": 0,
            "ipv6_addresses": [],
            "key_name": "MyTerraformInstanceKey",
            "launch_template": [],
            "maintenance_options": [
              {
                "auto_recovery": "default"
              }
            ],
            "metadata_options": [
              {
                "http_endpoint": "enabled",
                "http_protocol_ipv6": "disabled",
                "http_put_response_hop_limit": 1,
                "http_tokens": "optional",
                "instance_metadata_tags": "disabled"
              }
            ],
            "monitoring": false,
            "network_interface": [],
            "outpost_arn": "",
            "password_data": "",
            "placement_group": "",
            "placement_partition_number": 0,
            "primary_network_interface_id": "eni-0717d5de08d628463",
            "private_dns": "ip-10-0-101-44.ca-central-1.compute.internal",
            "private_dns_name_options": [
              {
                "enable_resource_name_dns_a_record": false,
                "enable_resource_name_dns_aaaa_record": false,
                "hostname_type": "ip-name"
              }
            ],
            "private_ip": "10.0.101.44",
            "public_dns": "",
            "public_ip": "3.99.141.122",
            "root_block_device": [
              {
                "delete_on_termination": true,
                "device_name": "/dev/sda1",
                "encrypted": false,
                "iops": 100,
                "kms_key_id": "",
                "tags": {},
                "tags_all": {
                  "Environment": "default"
                },
                "throughput": 0,
                "volume_id": "vol-00b48f15e798275b0",
                "volume_size": 8,
                "volume_type": "gp2"
              }
            ],
            "secondary_private_ips": [],
            "security_groups": [],
            "source_dest_check": true,
            "spot_instance_request_id": "",
            "subnet_id": "subnet-05b251fabd207de7f",
            "tags": {
              "Environment": "Training",
              "Name": "Web Server from Module"
            },
            "tags_all": {
              "Environment": "Training",
              "Name": "Web Server from Module"
            },
            "tenancy": "default",
            "timeouts": null,
            "user_data": null,
            "user_data_base64": null,
            "user_data_replace_on_change": false,
            "volume_tags": null,
            "vpc_security_group_ids": [
              "sg-03e9beccf87d5739f",
              "sg-0bb3a0b418b0b6319",
              "sg-0dcec9fa4950fc77a"
            ]
          },
          "sensitive_attributes": [],
          "identity_schema_version": 0,
          "private": "eyJlMmJmYjczMC1lY2FhLTExZTYtOGY4OC0zNDM2M2JjN2M0YzAiOnsiY3JlYXRlIjo2MDAwMDAwMDAwMDAsImRlbGV0ZSI6MTIwMDAwMDAwMDAwMCwicmVhZCI6OTAwMDAwMDAwMDAwLCJ1cGRhdGUiOjYwMDAwMDAwMDAwMH0sInNjaGVtYV92ZXJzaW9uIjoiMSJ9",
          "dependencies": [
            "aws_key_pair.generated",
            "aws_security_group.ingress-ssh",
            "aws_security_group.vpc-ping",
            "aws_security_group.vpc-web",
            "aws_subnet.public_subnets",
            "aws_vpc.vpc",
            "data.aws_ami.ubuntu_20_04",
            "data.aws_availability_zones.available",
            "data.aws_region.current",
            "tls_private_key.generated"
          ]
        }
      ]
    }
  ],
  "check_results": null
}
